// !$*UTF8*$!
{
	archiveVersion = 1;
	classes = {
	};
	objectVersion = 45;
	objects = {

/* Begin PBXBuildFile section */
		1D60589B0D05DD56006BFB54 /* main.m in Sources */ = {isa = PBXBuildFile; fileRef = 29B97316FDCFA39411CA2CEA /* main.m */; };
		1D60589F0D05DD5A006BFB54 /* Foundation.framework in Frameworks */ = {isa = PBXBuildFile; fileRef = 1D30AB110D05D00D00671497 /* Foundation.framework */; };
		1DF5F4E00D08C38300B7A737 /* UIKit.framework in Frameworks */ = {isa = PBXBuildFile; fileRef = 1DF5F4DF0D08C38300B7A737 /* UIKit.framework */; };
		288765A50DF7441C002DB57D /* CoreGraphics.framework in Frameworks */ = {isa = PBXBuildFile; fileRef = 288765A40DF7441C002DB57D /* CoreGraphics.framework */; };
		28D801B40F44B63D00FB423F /* CoreData.framework in Frameworks */ = {isa = PBXBuildFile; fileRef = 28D801B30F44B63D00FB423F /* CoreData.framework */; };
		4A24254310DB1243005D1CB1 /* SGDistressedDamselAnnotationView.m in Sources */ = {isa = PBXBuildFile; fileRef = 4A24253210DB1242005D1CB1 /* SGDistressedDamselAnnotationView.m */; };
		4A24254410DB1243005D1CB1 /* SGForestAnnotationView.m in Sources */ = {isa = PBXBuildFile; fileRef = 4A24253410DB1242005D1CB1 /* SGForestAnnotationView.m */; };
		4A24254510DB1243005D1CB1 /* SGGargoyleAnnotationView.m in Sources */ = {isa = PBXBuildFile; fileRef = 4A24253610DB1242005D1CB1 /* SGGargoyleAnnotationView.m */; };
		4A24254610DB1243005D1CB1 /* SGKettleAnnotationView.m in Sources */ = {isa = PBXBuildFile; fileRef = 4A24253810DB1242005D1CB1 /* SGKettleAnnotationView.m */; };
		4A24254710DB1243005D1CB1 /* SGPersonAnnotationView.m in Sources */ = {isa = PBXBuildFile; fileRef = 4A24253A10DB1243005D1CB1 /* SGPersonAnnotationView.m */; };
		4A24254910DB1243005D1CB1 /* SGARViewStylesAppDelegate.m in Sources */ = {isa = PBXBuildFile; fileRef = 4A24253E10DB1243005D1CB1 /* SGARViewStylesAppDelegate.m */; };
		4A24254A10DB1243005D1CB1 /* SGSimpleAnnotation.m in Sources */ = {isa = PBXBuildFile; fileRef = 4A24254010DB1243005D1CB1 /* SGSimpleAnnotation.m */; };
		4A24254B10DB1243005D1CB1 /* SGStylesViewController.m in Sources */ = {isa = PBXBuildFile; fileRef = 4A24254210DB1243005D1CB1 /* SGStylesViewController.m */; };
		4A24254D10DB125E005D1CB1 /* CoreLocation.framework in Frameworks */ = {isa = PBXBuildFile; fileRef = 4A24254C10DB125E005D1CB1 /* CoreLocation.framework */; };
		4A24254F10DB1264005D1CB1 /* Security.framework in Frameworks */ = {isa = PBXBuildFile; fileRef = 4A24254E10DB1264005D1CB1 /* Security.framework */; };
		4A24255110DB126D005D1CB1 /* OpenGLES.framework in Frameworks */ = {isa = PBXBuildFile; fileRef = 4A24255010DB126D005D1CB1 /* OpenGLES.framework */; };
		4A24255310DB1275005D1CB1 /* QuartzCore.framework in Frameworks */ = {isa = PBXBuildFile; fileRef = 4A24255210DB1275005D1CB1 /* QuartzCore.framework */; };
		4A24255510DB127C005D1CB1 /* MapKit.framework in Frameworks */ = {isa = PBXBuildFile; fileRef = 4A24255410DB127C005D1CB1 /* MapKit.framework */; };
		4A24258810DB1290005D1CB1 /* ARViewStyles-Info.plist in Resources */ = {isa = PBXBuildFile; fileRef = 4A24255710DB1290005D1CB1 /* ARViewStyles-Info.plist */; };
		4A24258910DB1290005D1CB1 /* ARViewStylesMainWindow.xib in Resources */ = {isa = PBXBuildFile; fileRef = 4A24255810DB1290005D1CB1 /* ARViewStylesMainWindow.xib */; };
		4A24258A10DB1290005D1CB1 /* BakedData.plist in Resources */ = {isa = PBXBuildFile; fileRef = 4A24255910DB1290005D1CB1 /* BakedData.plist */; };
		4A24258C10DB1290005D1CB1 /* Bat.png in Resources */ = {isa = PBXBuildFile; fileRef = 4A24255D10DB1290005D1CB1 /* Bat.png */; };
		4A24258D10DB1290005D1CB1 /* BatMini.png in Resources */ = {isa = PBXBuildFile; fileRef = 4A24255E10DB1290005D1CB1 /* BatMini.png */; };
		4A24258E10DB1290005D1CB1 /* Cinderella.jpg in Resources */ = {isa = PBXBuildFile; fileRef = 4A24255F10DB1290005D1CB1 /* Cinderella.jpg */; };
		4A24258F10DB1290005D1CB1 /* Cinderella.png in Resources */ = {isa = PBXBuildFile; fileRef = 4A24256010DB1290005D1CB1 /* Cinderella.png */; };
		4A24259010DB1290005D1CB1 /* DIDCurrentLocationRadarTarget.png in Resources */ = {isa = PBXBuildFile; fileRef = 4A24256110DB1290005D1CB1 /* DIDCurrentLocationRadarTarget.png */; };
		4A24259110DB1290005D1CB1 /* DIDRadarBackground.png in Resources */ = {isa = PBXBuildFile; fileRef = 4A24256210DB1290005D1CB1 /* DIDRadarBackground.png */; };
		4A24259210DB1290005D1CB1 /* DIDRadarHeading.png in Resources */ = {isa = PBXBuildFile; fileRef = 4A24256310DB1290005D1CB1 /* DIDRadarHeading.png */; };
		4A24259310DB1290005D1CB1 /* Dog.png in Resources */ = {isa = PBXBuildFile; fileRef = 4A24256410DB1290005D1CB1 /* Dog.png */; };
		4A24259410DB1290005D1CB1 /* DogMini.png in Resources */ = {isa = PBXBuildFile; fileRef = 4A24256510DB1290005D1CB1 /* DogMini.png */; };
		4A24259510DB1290005D1CB1 /* Duck.png in Resources */ = {isa = PBXBuildFile; fileRef = 4A24256610DB1290005D1CB1 /* Duck.png */; };
		4A24259610DB1290005D1CB1 /* DuckMini.png in Resources */ = {isa = PBXBuildFile; fileRef = 4A24256710DB1290005D1CB1 /* DuckMini.png */; };
		4A24259710DB1290005D1CB1 /* Elephant.png in Resources */ = {isa = PBXBuildFile; fileRef = 4A24256810DB1290005D1CB1 /* Elephant.png */; };
		4A24259810DB1290005D1CB1 /* ElephantMini.png in Resources */ = {isa = PBXBuildFile; fileRef = 4A24256910DB1290005D1CB1 /* ElephantMini.png */; };
		4A24259910DB1290005D1CB1 /* Fox.png in Resources */ = {isa = PBXBuildFile; fileRef = 4A24256A10DB1290005D1CB1 /* Fox.png */; };
		4A24259A10DB1290005D1CB1 /* FoxMini.png in Resources */ = {isa = PBXBuildFile; fileRef = 4A24256B10DB1290005D1CB1 /* FoxMini.png */; };
		4A24259B10DB1290005D1CB1 /* Frog.png in Resources */ = {isa = PBXBuildFile; fileRef = 4A24256C10DB1290005D1CB1 /* Frog.png */; };
		4A24259C10DB1290005D1CB1 /* FrogMini.png in Resources */ = {isa = PBXBuildFile; fileRef = 4A24256D10DB1290005D1CB1 /* FrogMini.png */; };
		4A24259D10DB1290005D1CB1 /* Gargoyle.png in Resources */ = {isa = PBXBuildFile; fileRef = 4A24256E10DB1290005D1CB1 /* Gargoyle.png */; };
		4A24259E10DB1290005D1CB1 /* GargoyleTarget.png in Resources */ = {isa = PBXBuildFile; fileRef = 4A24256F10DB1290005D1CB1 /* GargoyleTarget.png */; };
		4A24259F10DB1290005D1CB1 /* Jasmine.jpg in Resources */ = {isa = PBXBuildFile; fileRef = 4A24257010DB1290005D1CB1 /* Jasmine.jpg */; };
		4A2425A010DB1290005D1CB1 /* Jasmine.png in Resources */ = {isa = PBXBuildFile; fileRef = 4A24257110DB1290005D1CB1 /* Jasmine.png */; };
		4A2425A110DB1290005D1CB1 /* Kitty.png in Resources */ = {isa = PBXBuildFile; fileRef = 4A24257210DB1290005D1CB1 /* Kitty.png */; };
		4A2425A210DB1290005D1CB1 /* KittyMini.png in Resources */ = {isa = PBXBuildFile; fileRef = 4A24257310DB1290005D1CB1 /* KittyMini.png */; };
		4A2425A310DB1290005D1CB1 /* Lion.png in Resources */ = {isa = PBXBuildFile; fileRef = 4A24257410DB1290005D1CB1 /* Lion.png */; };
		4A2425A410DB1290005D1CB1 /* LionMini.png in Resources */ = {isa = PBXBuildFile; fileRef = 4A24257510DB1290005D1CB1 /* LionMini.png */; };
		4A2425A510DB1290005D1CB1 /* MashRadar.png in Resources */ = {isa = PBXBuildFile; fileRef = 4A24257610DB1290005D1CB1 /* MashRadar.png */; };
		4A2425A610DB1290005D1CB1 /* Meg.gif in Resources */ = {isa = PBXBuildFile; fileRef = 4A24257710DB1290005D1CB1 /* Meg.gif */; };
		4A2425A710DB1290005D1CB1 /* Meg.png in Resources */ = {isa = PBXBuildFile; fileRef = 4A24257810DB1290005D1CB1 /* Meg.png */; };
		4A2425A810DB1290005D1CB1 /* Panda.png in Resources */ = {isa = PBXBuildFile; fileRef = 4A24257910DB1290005D1CB1 /* Panda.png */; };
		4A2425A910DB1290005D1CB1 /* PandaMini.png in Resources */ = {isa = PBXBuildFile; fileRef = 4A24257A10DB1290005D1CB1 /* PandaMini.png */; };
		4A2425AA10DB1290005D1CB1 /* Penguin.png in Resources */ = {isa = PBXBuildFile; fileRef = 4A24257B10DB1290005D1CB1 /* Penguin.png */; };
		4A2425AB10DB1290005D1CB1 /* PenguinMini.png in Resources */ = {isa = PBXBuildFile; fileRef = 4A24257C10DB1290005D1CB1 /* PenguinMini.png */; };
		4A2425AC10DB1290005D1CB1 /* Rat.png in Resources */ = {isa = PBXBuildFile; fileRef = 4A24257D10DB1290005D1CB1 /* Rat.png */; };
		4A2425AD10DB1290005D1CB1 /* RatMini.png in Resources */ = {isa = PBXBuildFile; fileRef = 4A24257E10DB1290005D1CB1 /* RatMini.png */; };
		4A2425AE10DB1290005D1CB1 /* SafeSign.png in Resources */ = {isa = PBXBuildFile; fileRef = 4A24257F10DB1290005D1CB1 /* SafeSign.png */; };
		4A2425AF10DB1290005D1CB1 /* SafeSignEmpty.png in Resources */ = {isa = PBXBuildFile; fileRef = 4A24258010DB1290005D1CB1 /* SafeSignEmpty.png */; };
		4A2425B010DB1290005D1CB1 /* SafeSignHighlighted.png in Resources */ = {isa = PBXBuildFile; fileRef = 4A24258110DB1290005D1CB1 /* SafeSignHighlighted.png */; };
		4A2425B110DB1290005D1CB1 /* SnowWhite.jpg in Resources */ = {isa = PBXBuildFile; fileRef = 4A24258210DB1290005D1CB1 /* SnowWhite.jpg */; };
		4A2425B210DB1290005D1CB1 /* SnowWhite.png in Resources */ = {isa = PBXBuildFile; fileRef = 4A24258310DB1290005D1CB1 /* SnowWhite.png */; };
		4A2425B310DB1290005D1CB1 /* Tuqui.png in Resources */ = {isa = PBXBuildFile; fileRef = 4A24258410DB1290005D1CB1 /* Tuqui.png */; };
		4A2425B410DB1290005D1CB1 /* TuquiMini.png in Resources */ = {isa = PBXBuildFile; fileRef = 4A24258510DB1290005D1CB1 /* TuquiMini.png */; };
		4A2425B510DB1290005D1CB1 /* YellowExclamationMark.png in Resources */ = {isa = PBXBuildFile; fileRef = 4A24258610DB1290005D1CB1 /* YellowExclamationMark.png */; };
		4A7C034E1108A4EE00919154 /* Icon.png in Resources */ = {isa = PBXBuildFile; fileRef = 4A7C034C1108A4EE00919154 /* Icon.png */; };
		4A7C034F1108A4EE00919154 /* iTunesArtwork.png in Resources */ = {isa = PBXBuildFile; fileRef = 4A7C034D1108A4EE00919154 /* iTunesArtwork.png */; };
		4A833D6C1118D18100B9FD7B /* Entitlements.plist in Resources */ = {isa = PBXBuildFile; fileRef = 4A833D6B1118D18100B9FD7B /* Entitlements.plist */; };
		4AEDBD6A1121FC46003C1949 /* SGBluePin.png in Resources */ = {isa = PBXBuildFile; fileRef = 4AEDBCEB1121FC41003C1949 /* SGBluePin.png */; };
		4AEDBD6B1121FC46003C1949 /* SGBottomInspectorBackground.png in Resources */ = {isa = PBXBuildFile; fileRef = 4AEDBCEC1121FC41003C1949 /* SGBottomInspectorBackground.png */; };
		4AEDBD6C1121FC47003C1949 /* SGCloseButton.png in Resources */ = {isa = PBXBuildFile; fileRef = 4AEDBCED1121FC41003C1949 /* SGCloseButton.png */; };
		4AEDBD6D1121FC47003C1949 /* SGDefaultContainer.png in Resources */ = {isa = PBXBuildFile; fileRef = 4AEDBCEE1121FC41003C1949 /* SGDefaultContainer.png */; };
		4AEDBD6E1121FC47003C1949 /* SGDefaultProfilePicture.png in Resources */ = {isa = PBXBuildFile; fileRef = 4AEDBCEF1121FC41003C1949 /* SGDefaultProfilePicture.png */; };
		4AEDBD6F1121FC48003C1949 /* SGDefaultRadarBackground.png in Resources */ = {isa = PBXBuildFile; fileRef = 4AEDBCF01121FC41003C1949 /* SGDefaultRadarBackground.png */; };
		4AEDBD701121FC48003C1949 /* SGDefaultRadarCurrentLocation.png in Resources */ = {isa = PBXBuildFile; fileRef = 4AEDBCF11121FC41003C1949 /* SGDefaultRadarCurrentLocation.png */; };
		4AEDBD711121FC49003C1949 /* SGDefaultSelectedContainer.png in Resources */ = {isa = PBXBuildFile; fileRef = 4AEDBCF31121FC41003C1949 /* SGDefaultSelectedContainer.png */; };
		4AEDBD721121FC49003C1949 /* SGDefaultRadarTargetImage.png in Resources */ = {isa = PBXBuildFile; fileRef = 4AEDBCF21121FC41003C1949 /* SGDefaultRadarTargetImage.png */; };
		4AEDBD741121FC4B003C1949 /* SGGlassTargetBackground.png in Resources */ = {isa = PBXBuildFile; fileRef = 4AEDBCF41121FC41003C1949 /* SGGlassTargetBackground.png */; };
		4AEDBD751121FC4C003C1949 /* SGTopInspectorBackground.png in Resources */ = {isa = PBXBuildFile; fileRef = 4AEDBCF71121FC41003C1949 /* SGTopInspectorBackground.png */; };
		4AEDBD761121FC4C003C1949 /* SGRedPin.png in Resources */ = {isa = PBXBuildFile; fileRef = 4AEDBCF61121FC41003C1949 /* SGRedPin.png */; };
		4AEDBD771121FC4D003C1949 /* SGMiddleInspectorBackground.png in Resources */ = {isa = PBXBuildFile; fileRef = 4AEDBCF51121FC41003C1949 /* SGMiddleInspectorBackground.png */; };
/* End PBXBuildFile section */

/* Begin PBXFileReference section */
		1D30AB110D05D00D00671497 /* Foundation.framework */ = {isa = PBXFileReference; lastKnownFileType = wrapper.framework; name = Foundation.framework; path = System/Library/Frameworks/Foundation.framework; sourceTree = SDKROOT; };
		1DF5F4DF0D08C38300B7A737 /* UIKit.framework */ = {isa = PBXFileReference; lastKnownFileType = wrapper.framework; name = UIKit.framework; path = System/Library/Frameworks/UIKit.framework; sourceTree = SDKROOT; };
		288765A40DF7441C002DB57D /* CoreGraphics.framework */ = {isa = PBXFileReference; lastKnownFileType = wrapper.framework; name = CoreGraphics.framework; path = System/Library/Frameworks/CoreGraphics.framework; sourceTree = SDKROOT; };
		28D801B30F44B63D00FB423F /* CoreData.framework */ = {isa = PBXFileReference; lastKnownFileType = wrapper.framework; name = CoreData.framework; path = System/Library/Frameworks/CoreData.framework; sourceTree = SDKROOT; };
		29B97316FDCFA39411CA2CEA /* main.m */ = {isa = PBXFileReference; fileEncoding = 4; lastKnownFileType = sourcecode.c.objc; path = main.m; sourceTree = "<group>"; };
		4A24252C10DB122A005D1CB1 /* ARViewStyles.app */ = {isa = PBXFileReference; explicitFileType = wrapper.application; includeInIndex = 0; path = ARViewStyles.app; sourceTree = BUILT_PRODUCTS_DIR; };
		4A24253110DB1242005D1CB1 /* SGDistressedDamselAnnotationView.h */ = {isa = PBXFileReference; fileEncoding = 4; lastKnownFileType = sourcecode.c.h; path = SGDistressedDamselAnnotationView.h; sourceTree = "<group>"; };
		4A24253210DB1242005D1CB1 /* SGDistressedDamselAnnotationView.m */ = {isa = PBXFileReference; fileEncoding = 4; lastKnownFileType = sourcecode.c.objc; path = SGDistressedDamselAnnotationView.m; sourceTree = "<group>"; };
		4A24253310DB1242005D1CB1 /* SGForestAnnotationView.h */ = {isa = PBXFileReference; fileEncoding = 4; lastKnownFileType = sourcecode.c.h; path = SGForestAnnotationView.h; sourceTree = "<group>"; };
		4A24253410DB1242005D1CB1 /* SGForestAnnotationView.m */ = {isa = PBXFileReference; fileEncoding = 4; lastKnownFileType = sourcecode.c.objc; path = SGForestAnnotationView.m; sourceTree = "<group>"; };
		4A24253510DB1242005D1CB1 /* SGGargoyleAnnotationView.h */ = {isa = PBXFileReference; fileEncoding = 4; lastKnownFileType = sourcecode.c.h; path = SGGargoyleAnnotationView.h; sourceTree = "<group>"; };
		4A24253610DB1242005D1CB1 /* SGGargoyleAnnotationView.m */ = {isa = PBXFileReference; fileEncoding = 4; lastKnownFileType = sourcecode.c.objc; path = SGGargoyleAnnotationView.m; sourceTree = "<group>"; };
		4A24253710DB1242005D1CB1 /* SGKettleAnnotationView.h */ = {isa = PBXFileReference; fileEncoding = 4; lastKnownFileType = sourcecode.c.h; path = SGKettleAnnotationView.h; sourceTree = "<group>"; };
		4A24253810DB1242005D1CB1 /* SGKettleAnnotationView.m */ = {isa = PBXFileReference; fileEncoding = 4; lastKnownFileType = sourcecode.c.objc; path = SGKettleAnnotationView.m; sourceTree = "<group>"; };
		4A24253910DB1243005D1CB1 /* SGPersonAnnotationView.h */ = {isa = PBXFileReference; fileEncoding = 4; lastKnownFileType = sourcecode.c.h; path = SGPersonAnnotationView.h; sourceTree = "<group>"; };
		4A24253A10DB1243005D1CB1 /* SGPersonAnnotationView.m */ = {isa = PBXFileReference; fileEncoding = 4; lastKnownFileType = sourcecode.c.objc; path = SGPersonAnnotationView.m; sourceTree = "<group>"; };
		4A24253D10DB1243005D1CB1 /* SGARViewStylesAppDelegate.h */ = {isa = PBXFileReference; fileEncoding = 4; lastKnownFileType = sourcecode.c.h; path = SGARViewStylesAppDelegate.h; sourceTree = "<group>"; };
		4A24253E10DB1243005D1CB1 /* SGARViewStylesAppDelegate.m */ = {isa = PBXFileReference; fileEncoding = 4; lastKnownFileType = sourcecode.c.objc; path = SGARViewStylesAppDelegate.m; sourceTree = "<group>"; };
		4A24253F10DB1243005D1CB1 /* SGSimpleAnnotation.h */ = {isa = PBXFileReference; fileEncoding = 4; lastKnownFileType = sourcecode.c.h; path = SGSimpleAnnotation.h; sourceTree = "<group>"; };
		4A24254010DB1243005D1CB1 /* SGSimpleAnnotation.m */ = {isa = PBXFileReference; fileEncoding = 4; lastKnownFileType = sourcecode.c.objc; path = SGSimpleAnnotation.m; sourceTree = "<group>"; };
		4A24254110DB1243005D1CB1 /* SGStylesViewController.h */ = {isa = PBXFileReference; fileEncoding = 4; lastKnownFileType = sourcecode.c.h; path = SGStylesViewController.h; sourceTree = "<group>"; };
		4A24254210DB1243005D1CB1 /* SGStylesViewController.m */ = {isa = PBXFileReference; fileEncoding = 4; lastKnownFileType = sourcecode.c.objc; path = SGStylesViewController.m; sourceTree = "<group>"; };
		4A24254C10DB125E005D1CB1 /* CoreLocation.framework */ = {isa = PBXFileReference; lastKnownFileType = wrapper.framework; name = CoreLocation.framework; path = System/Library/Frameworks/CoreLocation.framework; sourceTree = SDKROOT; };
		4A24254E10DB1264005D1CB1 /* Security.framework */ = {isa = PBXFileReference; lastKnownFileType = wrapper.framework; name = Security.framework; path = System/Library/Frameworks/Security.framework; sourceTree = SDKROOT; };
		4A24255010DB126D005D1CB1 /* OpenGLES.framework */ = {isa = PBXFileReference; lastKnownFileType = wrapper.framework; name = OpenGLES.framework; path = System/Library/Frameworks/OpenGLES.framework; sourceTree = SDKROOT; };
		4A24255210DB1275005D1CB1 /* QuartzCore.framework */ = {isa = PBXFileReference; lastKnownFileType = wrapper.framework; name = QuartzCore.framework; path = System/Library/Frameworks/QuartzCore.framework; sourceTree = SDKROOT; };
		4A24255410DB127C005D1CB1 /* MapKit.framework */ = {isa = PBXFileReference; lastKnownFileType = wrapper.framework; name = MapKit.framework; path = System/Library/Frameworks/MapKit.framework; sourceTree = SDKROOT; };
		4A24255710DB1290005D1CB1 /* ARViewStyles-Info.plist */ = {isa = PBXFileReference; fileEncoding = 4; lastKnownFileType = text.plist.xml; path = "ARViewStyles-Info.plist"; sourceTree = "<group>"; };
		4A24255810DB1290005D1CB1 /* ARViewStylesMainWindow.xib */ = {isa = PBXFileReference; lastKnownFileType = file.xib; path = ARViewStylesMainWindow.xib; sourceTree = "<group>"; };
		4A24255910DB1290005D1CB1 /* BakedData.plist */ = {isa = PBXFileReference; fileEncoding = 4; lastKnownFileType = text.plist.xml; path = BakedData.plist; sourceTree = "<group>"; };
		4A24255D10DB1290005D1CB1 /* Bat.png */ = {isa = PBXFileReference; lastKnownFileType = image.png; path = Bat.png; sourceTree = "<group>"; };
		4A24255E10DB1290005D1CB1 /* BatMini.png */ = {isa = PBXFileReference; lastKnownFileType = image.png; path = BatMini.png; sourceTree = "<group>"; };
		4A24255F10DB1290005D1CB1 /* Cinderella.jpg */ = {isa = PBXFileReference; lastKnownFileType = image.jpeg; path = Cinderella.jpg; sourceTree = "<group>"; };
		4A24256010DB1290005D1CB1 /* Cinderella.png */ = {isa = PBXFileReference; lastKnownFileType = image.png; path = Cinderella.png; sourceTree = "<group>"; };
		4A24256110DB1290005D1CB1 /* DIDCurrentLocationRadarTarget.png */ = {isa = PBXFileReference; lastKnownFileType = image.png; path = DIDCurrentLocationRadarTarget.png; sourceTree = "<group>"; };
		4A24256210DB1290005D1CB1 /* DIDRadarBackground.png */ = {isa = PBXFileReference; lastKnownFileType = image.png; path = DIDRadarBackground.png; sourceTree = "<group>"; };
		4A24256310DB1290005D1CB1 /* DIDRadarHeading.png */ = {isa = PBXFileReference; lastKnownFileType = image.png; path = DIDRadarHeading.png; sourceTree = "<group>"; };
		4A24256410DB1290005D1CB1 /* Dog.png */ = {isa = PBXFileReference; lastKnownFileType = image.png; path = Dog.png; sourceTree = "<group>"; };
		4A24256510DB1290005D1CB1 /* DogMini.png */ = {isa = PBXFileReference; lastKnownFileType = image.png; path = DogMini.png; sourceTree = "<group>"; };
		4A24256610DB1290005D1CB1 /* Duck.png */ = {isa = PBXFileReference; lastKnownFileType = image.png; path = Duck.png; sourceTree = "<group>"; };
		4A24256710DB1290005D1CB1 /* DuckMini.png */ = {isa = PBXFileReference; lastKnownFileType = image.png; path = DuckMini.png; sourceTree = "<group>"; };
		4A24256810DB1290005D1CB1 /* Elephant.png */ = {isa = PBXFileReference; lastKnownFileType = image.png; path = Elephant.png; sourceTree = "<group>"; };
		4A24256910DB1290005D1CB1 /* ElephantMini.png */ = {isa = PBXFileReference; lastKnownFileType = image.png; path = ElephantMini.png; sourceTree = "<group>"; };
		4A24256A10DB1290005D1CB1 /* Fox.png */ = {isa = PBXFileReference; lastKnownFileType = image.png; path = Fox.png; sourceTree = "<group>"; };
		4A24256B10DB1290005D1CB1 /* FoxMini.png */ = {isa = PBXFileReference; lastKnownFileType = image.png; path = FoxMini.png; sourceTree = "<group>"; };
		4A24256C10DB1290005D1CB1 /* Frog.png */ = {isa = PBXFileReference; lastKnownFileType = image.png; path = Frog.png; sourceTree = "<group>"; };
		4A24256D10DB1290005D1CB1 /* FrogMini.png */ = {isa = PBXFileReference; lastKnownFileType = image.png; path = FrogMini.png; sourceTree = "<group>"; };
		4A24256E10DB1290005D1CB1 /* Gargoyle.png */ = {isa = PBXFileReference; lastKnownFileType = image.png; path = Gargoyle.png; sourceTree = "<group>"; };
		4A24256F10DB1290005D1CB1 /* GargoyleTarget.png */ = {isa = PBXFileReference; lastKnownFileType = image.png; path = GargoyleTarget.png; sourceTree = "<group>"; };
		4A24257010DB1290005D1CB1 /* Jasmine.jpg */ = {isa = PBXFileReference; lastKnownFileType = image.jpeg; path = Jasmine.jpg; sourceTree = "<group>"; };
		4A24257110DB1290005D1CB1 /* Jasmine.png */ = {isa = PBXFileReference; lastKnownFileType = image.png; path = Jasmine.png; sourceTree = "<group>"; };
		4A24257210DB1290005D1CB1 /* Kitty.png */ = {isa = PBXFileReference; lastKnownFileType = image.png; path = Kitty.png; sourceTree = "<group>"; };
		4A24257310DB1290005D1CB1 /* KittyMini.png */ = {isa = PBXFileReference; lastKnownFileType = image.png; path = KittyMini.png; sourceTree = "<group>"; };
		4A24257410DB1290005D1CB1 /* Lion.png */ = {isa = PBXFileReference; lastKnownFileType = image.png; path = Lion.png; sourceTree = "<group>"; };
		4A24257510DB1290005D1CB1 /* LionMini.png */ = {isa = PBXFileReference; lastKnownFileType = image.png; path = LionMini.png; sourceTree = "<group>"; };
		4A24257610DB1290005D1CB1 /* MashRadar.png */ = {isa = PBXFileReference; lastKnownFileType = image.png; path = MashRadar.png; sourceTree = "<group>"; };
		4A24257710DB1290005D1CB1 /* Meg.gif */ = {isa = PBXFileReference; lastKnownFileType = image.gif; path = Meg.gif; sourceTree = "<group>"; };
		4A24257810DB1290005D1CB1 /* Meg.png */ = {isa = PBXFileReference; lastKnownFileType = image.png; path = Meg.png; sourceTree = "<group>"; };
		4A24257910DB1290005D1CB1 /* Panda.png */ = {isa = PBXFileReference; lastKnownFileType = image.png; path = Panda.png; sourceTree = "<group>"; };
		4A24257A10DB1290005D1CB1 /* PandaMini.png */ = {isa = PBXFileReference; lastKnownFileType = image.png; path = PandaMini.png; sourceTree = "<group>"; };
		4A24257B10DB1290005D1CB1 /* Penguin.png */ = {isa = PBXFileReference; lastKnownFileType = image.png; path = Penguin.png; sourceTree = "<group>"; };
		4A24257C10DB1290005D1CB1 /* PenguinMini.png */ = {isa = PBXFileReference; lastKnownFileType = image.png; path = PenguinMini.png; sourceTree = "<group>"; };
		4A24257D10DB1290005D1CB1 /* Rat.png */ = {isa = PBXFileReference; lastKnownFileType = image.png; path = Rat.png; sourceTree = "<group>"; };
		4A24257E10DB1290005D1CB1 /* RatMini.png */ = {isa = PBXFileReference; lastKnownFileType = image.png; path = RatMini.png; sourceTree = "<group>"; };
		4A24257F10DB1290005D1CB1 /* SafeSign.png */ = {isa = PBXFileReference; lastKnownFileType = image.png; path = SafeSign.png; sourceTree = "<group>"; };
		4A24258010DB1290005D1CB1 /* SafeSignEmpty.png */ = {isa = PBXFileReference; lastKnownFileType = image.png; path = SafeSignEmpty.png; sourceTree = "<group>"; };
		4A24258110DB1290005D1CB1 /* SafeSignHighlighted.png */ = {isa = PBXFileReference; lastKnownFileType = image.png; path = SafeSignHighlighted.png; sourceTree = "<group>"; };
		4A24258210DB1290005D1CB1 /* SnowWhite.jpg */ = {isa = PBXFileReference; lastKnownFileType = image.jpeg; path = SnowWhite.jpg; sourceTree = "<group>"; };
		4A24258310DB1290005D1CB1 /* SnowWhite.png */ = {isa = PBXFileReference; lastKnownFileType = image.png; path = SnowWhite.png; sourceTree = "<group>"; };
		4A24258410DB1290005D1CB1 /* Tuqui.png */ = {isa = PBXFileReference; lastKnownFileType = image.png; path = Tuqui.png; sourceTree = "<group>"; };
		4A24258510DB1290005D1CB1 /* TuquiMini.png */ = {isa = PBXFileReference; lastKnownFileType = image.png; path = TuquiMini.png; sourceTree = "<group>"; };
		4A24258610DB1290005D1CB1 /* YellowExclamationMark.png */ = {isa = PBXFileReference; lastKnownFileType = image.png; path = YellowExclamationMark.png; sourceTree = "<group>"; };
		4A24258710DB1290005D1CB1 /* teapot.h */ = {isa = PBXFileReference; fileEncoding = 4; lastKnownFileType = sourcecode.c.h; path = teapot.h; sourceTree = "<group>"; };
		4A2425C410DB138B005D1CB1 /* ARViewStyles_Prefix.pch */ = {isa = PBXFileReference; fileEncoding = 4; lastKnownFileType = sourcecode.c.h; path = ARViewStyles_Prefix.pch; sourceTree = "<group>"; };
		4A24270110DB154B005D1CB1 /* README */ = {isa = PBXFileReference; fileEncoding = 4; lastKnownFileType = text; path = README; sourceTree = "<group>"; };
		4A7C034C1108A4EE00919154 /* Icon.png */ = {isa = PBXFileReference; lastKnownFileType = image.png; path = Icon.png; sourceTree = "<group>"; };
		4A7C034D1108A4EE00919154 /* iTunesArtwork.png */ = {isa = PBXFileReference; lastKnownFileType = image.png; path = iTunesArtwork.png; sourceTree = "<group>"; };
		4A833D6B1118D18100B9FD7B /* Entitlements.plist */ = {isa = PBXFileReference; fileEncoding = 4; lastKnownFileType = text.plist.xml; path = Entitlements.plist; sourceTree = "<group>"; };
		4AEDBC861121FC41003C1949 /* TOCmaster.css */ = {isa = PBXFileReference; fileEncoding = 4; lastKnownFileType = text.css; path = TOCmaster.css; sourceTree = "<group>"; };
		4AEDBC881121FC41003C1949 /* bg.png */ = {isa = PBXFileReference; lastKnownFileType = image.png; path = bg.png; sourceTree = "<group>"; };
		4AEDBC891121FC41003C1949 /* logo.png */ = {isa = PBXFileReference; lastKnownFileType = image.png; path = logo.png; sourceTree = "<group>"; };
		4AEDBC8A1121FC41003C1949 /* shelf.png */ = {isa = PBXFileReference; lastKnownFileType = image.png; path = shelf.png; sourceTree = "<group>"; };
		4AEDBC8C1121FC41003C1949 /* index.html */ = {isa = PBXFileReference; fileEncoding = 4; lastKnownFileType = text.html.documentation; path = index.html; sourceTree = "<group>"; };
		4AEDBC8F1121FC41003C1949 /* index.html */ = {isa = PBXFileReference; fileEncoding = 4; lastKnownFileType = text.html.documentation; path = index.html; sourceTree = "<group>"; };
		4AEDBC901121FC41003C1949 /* toc.html */ = {isa = PBXFileReference; fileEncoding = 4; lastKnownFileType = text.html.documentation; path = toc.html; sourceTree = "<group>"; };
		4AEDBC911121FC41003C1949 /* toc.html */ = {isa = PBXFileReference; fileEncoding = 4; lastKnownFileType = text.html.documentation; path = toc.html; sourceTree = "<group>"; };
		4AEDBC951121FC41003C1949 /* index.html */ = {isa = PBXFileReference; fileEncoding = 4; lastKnownFileType = text.html.documentation; path = index.html; sourceTree = "<group>"; };
		4AEDBC961121FC41003C1949 /* toc.html */ = {isa = PBXFileReference; fileEncoding = 4; lastKnownFileType = text.html.documentation; path = toc.html; sourceTree = "<group>"; };
		4AEDBC971121FC41003C1949 /* index.html */ = {isa = PBXFileReference; fileEncoding = 4; lastKnownFileType = text.html.documentation; path = index.html; sourceTree = "<group>"; };
		4AEDBC9A1121FC41003C1949 /* index.html */ = {isa = PBXFileReference; fileEncoding = 4; lastKnownFileType = text.html.documentation; path = index.html; sourceTree = "<group>"; };
		4AEDBC9B1121FC41003C1949 /* toc.html */ = {isa = PBXFileReference; fileEncoding = 4; lastKnownFileType = text.html.documentation; path = toc.html; sourceTree = "<group>"; };
		4AEDBC9C1121FC41003C1949 /* toc.html */ = {isa = PBXFileReference; fileEncoding = 4; lastKnownFileType = text.html.documentation; path = toc.html; sourceTree = "<group>"; };
		4AEDBCA01121FC41003C1949 /* index.html */ = {isa = PBXFileReference; fileEncoding = 4; lastKnownFileType = text.html.documentation; path = index.html; sourceTree = "<group>"; };
		4AEDBCA11121FC41003C1949 /* toc.html */ = {isa = PBXFileReference; fileEncoding = 4; lastKnownFileType = text.html.documentation; path = toc.html; sourceTree = "<group>"; };
		4AEDBCA21121FC41003C1949 /* index.html */ = {isa = PBXFileReference; fileEncoding = 4; lastKnownFileType = text.html.documentation; path = index.html; sourceTree = "<group>"; };
		4AEDBCA31121FC41003C1949 /* toc.html */ = {isa = PBXFileReference; fileEncoding = 4; lastKnownFileType = text.html.documentation; path = toc.html; sourceTree = "<group>"; };
		4AEDBCA71121FC41003C1949 /* index.html */ = {isa = PBXFileReference; fileEncoding = 4; lastKnownFileType = text.html.documentation; path = index.html; sourceTree = "<group>"; };
		4AEDBCA81121FC41003C1949 /* toc.html */ = {isa = PBXFileReference; fileEncoding = 4; lastKnownFileType = text.html.documentation; path = toc.html; sourceTree = "<group>"; };
		4AEDBCA91121FC41003C1949 /* index.html */ = {isa = PBXFileReference; fileEncoding = 4; lastKnownFileType = text.html.documentation; path = index.html; sourceTree = "<group>"; };
		4AEDBCAC1121FC41003C1949 /* index.html */ = {isa = PBXFileReference; fileEncoding = 4; lastKnownFileType = text.html.documentation; path = index.html; sourceTree = "<group>"; };
		4AEDBCAD1121FC41003C1949 /* toc.html */ = {isa = PBXFileReference; fileEncoding = 4; lastKnownFileType = text.html.documentation; path = toc.html; sourceTree = "<group>"; };
		4AEDBCAE1121FC41003C1949 /* toc.html */ = {isa = PBXFileReference; fileEncoding = 4; lastKnownFileType = text.html.documentation; path = toc.html; sourceTree = "<group>"; };
		4AEDBCB01121FC41003C1949 /* index.html */ = {isa = PBXFileReference; fileEncoding = 4; lastKnownFileType = text.html.documentation; path = index.html; sourceTree = "<group>"; };
		4AEDBCB31121FC41003C1949 /* index.html */ = {isa = PBXFileReference; fileEncoding = 4; lastKnownFileType = text.html.documentation; path = index.html; sourceTree = "<group>"; };
		4AEDBCB41121FC41003C1949 /* toc.html */ = {isa = PBXFileReference; fileEncoding = 4; lastKnownFileType = text.html.documentation; path = toc.html; sourceTree = "<group>"; };
		4AEDBCB51121FC41003C1949 /* toc.html */ = {isa = PBXFileReference; fileEncoding = 4; lastKnownFileType = text.html.documentation; path = toc.html; sourceTree = "<group>"; };
		4AEDBCB61121FC41003C1949 /* SGARView.html */ = {isa = PBXFileReference; fileEncoding = 4; lastKnownFileType = text.html.documentation; path = SGARView.html; sourceTree = "<group>"; };
		4AEDBCBA1121FC41003C1949 /* index.html */ = {isa = PBXFileReference; fileEncoding = 4; lastKnownFileType = text.html.documentation; path = index.html; sourceTree = "<group>"; };
		4AEDBCBB1121FC41003C1949 /* toc.html */ = {isa = PBXFileReference; fileEncoding = 4; lastKnownFileType = text.html.documentation; path = toc.html; sourceTree = "<group>"; };
		4AEDBCBC1121FC41003C1949 /* index.html */ = {isa = PBXFileReference; fileEncoding = 4; lastKnownFileType = text.html.documentation; path = index.html; sourceTree = "<group>"; };
		4AEDBCBF1121FC41003C1949 /* index.html */ = {isa = PBXFileReference; fileEncoding = 4; lastKnownFileType = text.html.documentation; path = index.html; sourceTree = "<group>"; };
		4AEDBCC01121FC41003C1949 /* toc.html */ = {isa = PBXFileReference; fileEncoding = 4; lastKnownFileType = text.html.documentation; path = toc.html; sourceTree = "<group>"; };
		4AEDBCC11121FC41003C1949 /* toc.html */ = {isa = PBXFileReference; fileEncoding = 4; lastKnownFileType = text.html.documentation; path = toc.html; sourceTree = "<group>"; };
		4AEDBCC51121FC41003C1949 /* index.html */ = {isa = PBXFileReference; fileEncoding = 4; lastKnownFileType = text.html.documentation; path = index.html; sourceTree = "<group>"; };
		4AEDBCC61121FC41003C1949 /* toc.html */ = {isa = PBXFileReference; fileEncoding = 4; lastKnownFileType = text.html.documentation; path = toc.html; sourceTree = "<group>"; };
		4AEDBCC71121FC41003C1949 /* index.html */ = {isa = PBXFileReference; fileEncoding = 4; lastKnownFileType = text.html.documentation; path = index.html; sourceTree = "<group>"; };
		4AEDBCCA1121FC41003C1949 /* index.html */ = {isa = PBXFileReference; fileEncoding = 4; lastKnownFileType = text.html.documentation; path = index.html; sourceTree = "<group>"; };
		4AEDBCCB1121FC41003C1949 /* toc.html */ = {isa = PBXFileReference; fileEncoding = 4; lastKnownFileType = text.html.documentation; path = toc.html; sourceTree = "<group>"; };
		4AEDBCCC1121FC41003C1949 /* toc.html */ = {isa = PBXFileReference; fileEncoding = 4; lastKnownFileType = text.html.documentation; path = toc.html; sourceTree = "<group>"; };
		4AEDBCCE1121FC41003C1949 /* index.html */ = {isa = PBXFileReference; fileEncoding = 4; lastKnownFileType = text.html.documentation; path = index.html; sourceTree = "<group>"; };
		4AEDBCCF1121FC41003C1949 /* toc.html */ = {isa = PBXFileReference; fileEncoding = 4; lastKnownFileType = text.html.documentation; path = toc.html; sourceTree = "<group>"; };
		4AEDBCD31121FC41003C1949 /* index.html */ = {isa = PBXFileReference; fileEncoding = 4; lastKnownFileType = text.html.documentation; path = index.html; sourceTree = "<group>"; };
		4AEDBCD41121FC41003C1949 /* toc.html */ = {isa = PBXFileReference; fileEncoding = 4; lastKnownFileType = text.html.documentation; path = toc.html; sourceTree = "<group>"; };
		4AEDBCD51121FC41003C1949 /* index.html */ = {isa = PBXFileReference; fileEncoding = 4; lastKnownFileType = text.html.documentation; path = index.html; sourceTree = "<group>"; };
		4AEDBCD61121FC41003C1949 /* toc.html */ = {isa = PBXFileReference; fileEncoding = 4; lastKnownFileType = text.html.documentation; path = toc.html; sourceTree = "<group>"; };
		4AEDBCDA1121FC41003C1949 /* index.html */ = {isa = PBXFileReference; fileEncoding = 4; lastKnownFileType = text.html.documentation; path = index.html; sourceTree = "<group>"; };
		4AEDBCDB1121FC41003C1949 /* toc.html */ = {isa = PBXFileReference; fileEncoding = 4; lastKnownFileType = text.html.documentation; path = toc.html; sourceTree = "<group>"; };
		4AEDBCDC1121FC41003C1949 /* index.html */ = {isa = PBXFileReference; fileEncoding = 4; lastKnownFileType = text.html.documentation; path = index.html; sourceTree = "<group>"; };
		4AEDBCDD1121FC41003C1949 /* toc.html */ = {isa = PBXFileReference; fileEncoding = 4; lastKnownFileType = text.html.documentation; path = toc.html; sourceTree = "<group>"; };
		4AEDBCDF1121FC41003C1949 /* SGAlbum.h */ = {isa = PBXFileReference; fileEncoding = 4; lastKnownFileType = sourcecode.c.h; path = SGAlbum.h; sourceTree = "<group>"; };
		4AEDBCE01121FC41003C1949 /* SGAnnotationView.h */ = {isa = PBXFileReference; fileEncoding = 4; lastKnownFileType = sourcecode.c.h; path = SGAnnotationView.h; sourceTree = "<group>"; };
		4AEDBCE11121FC41003C1949 /* SGAnnotationViewContainer.h */ = {isa = PBXFileReference; fileEncoding = 4; lastKnownFileType = sourcecode.c.h; path = SGAnnotationViewContainer.h; sourceTree = "<group>"; };
		4AEDBCE21121FC41003C1949 /* SGARNavigationViewController.h */ = {isa = PBXFileReference; fileEncoding = 4; lastKnownFileType = sourcecode.c.h; path = SGARNavigationViewController.h; sourceTree = "<group>"; };
		4AEDBCE31121FC41003C1949 /* SGARResponder.h */ = {isa = PBXFileReference; fileEncoding = 4; lastKnownFileType = sourcecode.c.h; path = SGARResponder.h; sourceTree = "<group>"; };
		4AEDBCE41121FC41003C1949 /* SGARView.h */ = {isa = PBXFileReference; fileEncoding = 4; lastKnownFileType = sourcecode.c.h; path = SGARView.h; sourceTree = "<group>"; };
		4AEDBCE51121FC41003C1949 /* SGCoverFlowView.h */ = {isa = PBXFileReference; fileEncoding = 4; lastKnownFileType = sourcecode.c.h; path = SGCoverFlowView.h; sourceTree = "<group>"; };
		4AEDBCE61121FC41003C1949 /* SGEnvironmentConstants.h */ = {isa = PBXFileReference; fileEncoding = 4; lastKnownFileType = sourcecode.c.h; path = SGEnvironmentConstants.h; sourceTree = "<group>"; };
		4AEDBCE71121FC41003C1949 /* SGMovableStack.h */ = {isa = PBXFileReference; fileEncoding = 4; lastKnownFileType = sourcecode.c.h; path = SGMovableStack.h; sourceTree = "<group>"; };
		4AEDBCE81121FC41003C1949 /* SGRadar.h */ = {isa = PBXFileReference; fileEncoding = 4; lastKnownFileType = sourcecode.c.h; path = SGRadar.h; sourceTree = "<group>"; };
		4AEDBCE91121FC41003C1949 /* SimpleGeo.h */ = {isa = PBXFileReference; fileEncoding = 4; lastKnownFileType = sourcecode.c.h; path = SimpleGeo.h; sourceTree = "<group>"; };
		4AEDBCEB1121FC41003C1949 /* SGBluePin.png */ = {isa = PBXFileReference; lastKnownFileType = image.png; path = SGBluePin.png; sourceTree = "<group>"; };
		4AEDBCEC1121FC41003C1949 /* SGBottomInspectorBackground.png */ = {isa = PBXFileReference; lastKnownFileType = image.png; path = SGBottomInspectorBackground.png; sourceTree = "<group>"; };
		4AEDBCED1121FC41003C1949 /* SGCloseButton.png */ = {isa = PBXFileReference; lastKnownFileType = image.png; path = SGCloseButton.png; sourceTree = "<group>"; };
		4AEDBCEE1121FC41003C1949 /* SGDefaultContainer.png */ = {isa = PBXFileReference; lastKnownFileType = image.png; path = SGDefaultContainer.png; sourceTree = "<group>"; };
		4AEDBCEF1121FC41003C1949 /* SGDefaultProfilePicture.png */ = {isa = PBXFileReference; lastKnownFileType = image.png; path = SGDefaultProfilePicture.png; sourceTree = "<group>"; };
		4AEDBCF01121FC41003C1949 /* SGDefaultRadarBackground.png */ = {isa = PBXFileReference; lastKnownFileType = image.png; path = SGDefaultRadarBackground.png; sourceTree = "<group>"; };
		4AEDBCF11121FC41003C1949 /* SGDefaultRadarCurrentLocation.png */ = {isa = PBXFileReference; lastKnownFileType = image.png; path = SGDefaultRadarCurrentLocation.png; sourceTree = "<group>"; };
		4AEDBCF21121FC41003C1949 /* SGDefaultRadarTargetImage.png */ = {isa = PBXFileReference; lastKnownFileType = image.png; path = SGDefaultRadarTargetImage.png; sourceTree = "<group>"; };
		4AEDBCF31121FC41003C1949 /* SGDefaultSelectedContainer.png */ = {isa = PBXFileReference; lastKnownFileType = image.png; path = SGDefaultSelectedContainer.png; sourceTree = "<group>"; };
		4AEDBCF41121FC41003C1949 /* SGGlassTargetBackground.png */ = {isa = PBXFileReference; lastKnownFileType = image.png; path = SGGlassTargetBackground.png; sourceTree = "<group>"; };
		4AEDBCF51121FC41003C1949 /* SGMiddleInspectorBackground.png */ = {isa = PBXFileReference; lastKnownFileType = image.png; path = SGMiddleInspectorBackground.png; sourceTree = "<group>"; };
		4AEDBCF61121FC41003C1949 /* SGRedPin.png */ = {isa = PBXFileReference; lastKnownFileType = image.png; path = SGRedPin.png; sourceTree = "<group>"; };
		4AEDBCF71121FC41003C1949 /* SGTopInspectorBackground.png */ = {isa = PBXFileReference; lastKnownFileType = image.png; path = SGTopInspectorBackground.png; sourceTree = "<group>"; };
		4AEDBCF91121FC41003C1949 /* libSGARView.a */ = {isa = PBXFileReference; lastKnownFileType = archive.ar; path = libSGARView.a; sourceTree = "<group>"; };
		4AEDBCFB1121FC41003C1949 /* libSGARView.a */ = {isa = PBXFileReference; lastKnownFileType = archive.ar; path = libSGARView.a; sourceTree = "<group>"; };
		4AEDBCFC1121FC41003C1949 /* README */ = {isa = PBXFileReference; fileEncoding = 4; lastKnownFileType = text; path = README; sourceTree = "<group>"; };
		4AEDBD001121FC41003C1949 /* TOCmaster.css */ = {isa = PBXFileReference; fileEncoding = 4; lastKnownFileType = text.css; path = TOCmaster.css; sourceTree = "<group>"; };
		4AEDBD041121FC41003C1949 /* index.html */ = {isa = PBXFileReference; fileEncoding = 4; lastKnownFileType = text.html.documentation; path = index.html; sourceTree = "<group>"; };
		4AEDBD051121FC41003C1949 /* toc.html */ = {isa = PBXFileReference; fileEncoding = 4; lastKnownFileType = text.html.documentation; path = toc.html; sourceTree = "<group>"; };
		4AEDBD071121FC41003C1949 /* index.html */ = {isa = PBXFileReference; fileEncoding = 4; lastKnownFileType = text.html.documentation; path = index.html; sourceTree = "<group>"; };
		4AEDBD081121FC41003C1949 /* toc.html */ = {isa = PBXFileReference; fileEncoding = 4; lastKnownFileType = text.html.documentation; path = toc.html; sourceTree = "<group>"; };
		4AEDBD091121FC41003C1949 /* index.html */ = {isa = PBXFileReference; fileEncoding = 4; lastKnownFileType = text.html.documentation; path = index.html; sourceTree = "<group>"; };
		4AEDBD0A1121FC41003C1949 /* toc.html */ = {isa = PBXFileReference; fileEncoding = 4; lastKnownFileType = text.html.documentation; path = toc.html; sourceTree = "<group>"; };
		4AEDBD0E1121FC41003C1949 /* index.html */ = {isa = PBXFileReference; fileEncoding = 4; lastKnownFileType = text.html.documentation; path = index.html; sourceTree = "<group>"; };
		4AEDBD0F1121FC41003C1949 /* toc.html */ = {isa = PBXFileReference; fileEncoding = 4; lastKnownFileType = text.html.documentation; path = toc.html; sourceTree = "<group>"; };
		4AEDBD111121FC41003C1949 /* index.html */ = {isa = PBXFileReference; fileEncoding = 4; lastKnownFileType = text.html.documentation; path = index.html; sourceTree = "<group>"; };
		4AEDBD121121FC41003C1949 /* toc.html */ = {isa = PBXFileReference; fileEncoding = 4; lastKnownFileType = text.html.documentation; path = toc.html; sourceTree = "<group>"; };
		4AEDBD131121FC41003C1949 /* index.html */ = {isa = PBXFileReference; fileEncoding = 4; lastKnownFileType = text.html.documentation; path = index.html; sourceTree = "<group>"; };
		4AEDBD141121FC41003C1949 /* toc.html */ = {isa = PBXFileReference; fileEncoding = 4; lastKnownFileType = text.html.documentation; path = toc.html; sourceTree = "<group>"; };
		4AEDBD161121FC41003C1949 /* bg.png */ = {isa = PBXFileReference; lastKnownFileType = image.png; path = bg.png; sourceTree = "<group>"; };
		4AEDBD171121FC41003C1949 /* logo.png */ = {isa = PBXFileReference; lastKnownFileType = image.png; path = logo.png; sourceTree = "<group>"; };
		4AEDBD181121FC41003C1949 /* shelf.png */ = {isa = PBXFileReference; lastKnownFileType = image.png; path = shelf.png; sourceTree = "<group>"; };
		4AEDBD1A1121FC41003C1949 /* index.html */ = {isa = PBXFileReference; fileEncoding = 4; lastKnownFileType = text.html.documentation; path = index.html; sourceTree = "<group>"; };
		4AEDBD1D1121FC41003C1949 /* index.html */ = {isa = PBXFileReference; fileEncoding = 4; lastKnownFileType = text.html.documentation; path = index.html; sourceTree = "<group>"; };
		4AEDBD1E1121FC41003C1949 /* toc.html */ = {isa = PBXFileReference; fileEncoding = 4; lastKnownFileType = text.html.documentation; path = toc.html; sourceTree = "<group>"; };
		4AEDBD1F1121FC41003C1949 /* toc.html */ = {isa = PBXFileReference; fileEncoding = 4; lastKnownFileType = text.html.documentation; path = toc.html; sourceTree = "<group>"; };
		4AEDBD201121FC41003C1949 /* SGClient.html */ = {isa = PBXFileReference; fileEncoding = 4; lastKnownFileType = text.html.documentation; path = SGClient.html; sourceTree = "<group>"; };
		4AEDBD241121FC41003C1949 /* index.html */ = {isa = PBXFileReference; fileEncoding = 4; lastKnownFileType = text.html.documentation; path = index.html; sourceTree = "<group>"; };
		4AEDBD251121FC41003C1949 /* toc.html */ = {isa = PBXFileReference; fileEncoding = 4; lastKnownFileType = text.html.documentation; path = toc.html; sourceTree = "<group>"; };
		4AEDBD261121FC41003C1949 /* index.html */ = {isa = PBXFileReference; fileEncoding = 4; lastKnownFileType = text.html.documentation; path = index.html; sourceTree = "<group>"; };
		4AEDBD271121FC41003C1949 /* toc.html */ = {isa = PBXFileReference; fileEncoding = 4; lastKnownFileType = text.html.documentation; path = toc.html; sourceTree = "<group>"; };
		4AEDBD2B1121FC41003C1949 /* index.html */ = {isa = PBXFileReference; fileEncoding = 4; lastKnownFileType = text.html.documentation; path = index.html; sourceTree = "<group>"; };
		4AEDBD2C1121FC41003C1949 /* toc.html */ = {isa = PBXFileReference; fileEncoding = 4; lastKnownFileType = text.html.documentation; path = toc.html; sourceTree = "<group>"; };
		4AEDBD2D1121FC41003C1949 /* index.html */ = {isa = PBXFileReference; fileEncoding = 4; lastKnownFileType = text.html.documentation; path = index.html; sourceTree = "<group>"; };
		4AEDBD2E1121FC41003C1949 /* toc.html */ = {isa = PBXFileReference; fileEncoding = 4; lastKnownFileType = text.html.documentation; path = toc.html; sourceTree = "<group>"; };
		4AEDBD321121FC41003C1949 /* index.html */ = {isa = PBXFileReference; fileEncoding = 4; lastKnownFileType = text.html.documentation; path = index.html; sourceTree = "<group>"; };
		4AEDBD331121FC41003C1949 /* toc.html */ = {isa = PBXFileReference; fileEncoding = 4; lastKnownFileType = text.html.documentation; path = toc.html; sourceTree = "<group>"; };
		4AEDBD341121FC41003C1949 /* index.html */ = {isa = PBXFileReference; fileEncoding = 4; lastKnownFileType = text.html.documentation; path = index.html; sourceTree = "<group>"; };
		4AEDBD371121FC41003C1949 /* index.html */ = {isa = PBXFileReference; fileEncoding = 4; lastKnownFileType = text.html.documentation; path = index.html; sourceTree = "<group>"; };
		4AEDBD381121FC41003C1949 /* toc.html */ = {isa = PBXFileReference; fileEncoding = 4; lastKnownFileType = text.html.documentation; path = toc.html; sourceTree = "<group>"; };
		4AEDBD391121FC41003C1949 /* toc.html */ = {isa = PBXFileReference; fileEncoding = 4; lastKnownFileType = text.html.documentation; path = toc.html; sourceTree = "<group>"; };
		4AEDBD3B1121FC41003C1949 /* index.html */ = {isa = PBXFileReference; fileEncoding = 4; lastKnownFileType = text.html.documentation; path = index.html; sourceTree = "<group>"; };
		4AEDBD3C1121FC41003C1949 /* toc.html */ = {isa = PBXFileReference; fileEncoding = 4; lastKnownFileType = text.html.documentation; path = toc.html; sourceTree = "<group>"; };
		4AEDBD401121FC41003C1949 /* index.html */ = {isa = PBXFileReference; fileEncoding = 4; lastKnownFileType = text.html.documentation; path = index.html; sourceTree = "<group>"; };
		4AEDBD411121FC41003C1949 /* toc.html */ = {isa = PBXFileReference; fileEncoding = 4; lastKnownFileType = text.html.documentation; path = toc.html; sourceTree = "<group>"; };
		4AEDBD421121FC41003C1949 /* index.html */ = {isa = PBXFileReference; fileEncoding = 4; lastKnownFileType = text.html.documentation; path = index.html; sourceTree = "<group>"; };
		4AEDBD431121FC41003C1949 /* toc.html */ = {isa = PBXFileReference; fileEncoding = 4; lastKnownFileType = text.html.documentation; path = toc.html; sourceTree = "<group>"; };
		4AEDBD471121FC41003C1949 /* index.html */ = {isa = PBXFileReference; fileEncoding = 4; lastKnownFileType = text.html.documentation; path = index.html; sourceTree = "<group>"; };
		4AEDBD481121FC41003C1949 /* toc.html */ = {isa = PBXFileReference; fileEncoding = 4; lastKnownFileType = text.html.documentation; path = toc.html; sourceTree = "<group>"; };
		4AEDBD491121FC41003C1949 /* index.html */ = {isa = PBXFileReference; fileEncoding = 4; lastKnownFileType = text.html.documentation; path = index.html; sourceTree = "<group>"; };
		4AEDBD4A1121FC41003C1949 /* toc.html */ = {isa = PBXFileReference; fileEncoding = 4; lastKnownFileType = text.html.documentation; path = toc.html; sourceTree = "<group>"; };
		4AEDBD4C1121FC41003C1949 /* index.html */ = {isa = PBXFileReference; fileEncoding = 4; lastKnownFileType = text.html.documentation; path = index.html; sourceTree = "<group>"; };
		4AEDBD4F1121FC41003C1949 /* index.html */ = {isa = PBXFileReference; fileEncoding = 4; lastKnownFileType = text.html.documentation; path = index.html; sourceTree = "<group>"; };
		4AEDBD501121FC41003C1949 /* toc.html */ = {isa = PBXFileReference; fileEncoding = 4; lastKnownFileType = text.html.documentation; path = toc.html; sourceTree = "<group>"; };
		4AEDBD521121FC41003C1949 /* index.html */ = {isa = PBXFileReference; fileEncoding = 4; lastKnownFileType = text.html.documentation; path = index.html; sourceTree = "<group>"; };
		4AEDBD531121FC41003C1949 /* toc.html */ = {isa = PBXFileReference; fileEncoding = 4; lastKnownFileType = text.html.documentation; path = toc.html; sourceTree = "<group>"; };
		4AEDBD541121FC41003C1949 /* toc.html */ = {isa = PBXFileReference; fileEncoding = 4; lastKnownFileType = text.html.documentation; path = toc.html; sourceTree = "<group>"; };
		4AEDBD561121FC41003C1949 /* CLLocationAdditions.h */ = {isa = PBXFileReference; fileEncoding = 4; lastKnownFileType = sourcecode.c.h; path = CLLocationAdditions.h; sourceTree = "<group>"; };
		4AEDBD571121FC41003C1949 /* GeoJSON+NSArray.h */ = {isa = PBXFileReference; fileEncoding = 4; lastKnownFileType = sourcecode.c.h; path = "GeoJSON+NSArray.h"; sourceTree = "<group>"; };
		4AEDBD581121FC41003C1949 /* GeoJSON+NSDictionary.h */ = {isa = PBXFileReference; fileEncoding = 4; lastKnownFileType = sourcecode.c.h; path = "GeoJSON+NSDictionary.h"; sourceTree = "<group>"; };
		4AEDBD591121FC41003C1949 /* NSArrayAdditions.h */ = {isa = PBXFileReference; fileEncoding = 4; lastKnownFileType = sourcecode.c.h; path = NSArrayAdditions.h; sourceTree = "<group>"; };
		4AEDBD5A1121FC41003C1949 /* NSStringAdditions.h */ = {isa = PBXFileReference; fileEncoding = 4; lastKnownFileType = sourcecode.c.h; path = NSStringAdditions.h; sourceTree = "<group>"; };
		4AEDBD5B1121FC41003C1949 /* SGAdditions.h */ = {isa = PBXFileReference; fileEncoding = 4; lastKnownFileType = sourcecode.c.h; path = SGAdditions.h; sourceTree = "<group>"; };
		4AEDBD5C1121FC41003C1949 /* SGAuthorization.h */ = {isa = PBXFileReference; fileEncoding = 4; lastKnownFileType = sourcecode.c.h; path = SGAuthorization.h; sourceTree = "<group>"; };
		4AEDBD5D1121FC41003C1949 /* SGClient.h */ = {isa = PBXFileReference; fileEncoding = 4; lastKnownFileType = sourcecode.c.h; path = SGClient.h; sourceTree = "<group>"; };
		4AEDBD5E1121FC41003C1949 /* SGGeoJSONEncoder.h */ = {isa = PBXFileReference; fileEncoding = 4; lastKnownFileType = sourcecode.c.h; path = SGGeoJSONEncoder.h; sourceTree = "<group>"; };
		4AEDBD5F1121FC41003C1949 /* SGLayer.h */ = {isa = PBXFileReference; fileEncoding = 4; lastKnownFileType = sourcecode.c.h; path = SGLayer.h; sourceTree = "<group>"; };
		4AEDBD601121FC41003C1949 /* SGLocationService.h */ = {isa = PBXFileReference; fileEncoding = 4; lastKnownFileType = sourcecode.c.h; path = SGLocationService.h; sourceTree = "<group>"; };
		4AEDBD611121FC41003C1949 /* SGLocationTypes.h */ = {isa = PBXFileReference; fileEncoding = 4; lastKnownFileType = sourcecode.c.h; path = SGLocationTypes.h; sourceTree = "<group>"; };
		4AEDBD621121FC41003C1949 /* SGOAuth.h */ = {isa = PBXFileReference; fileEncoding = 4; lastKnownFileType = sourcecode.c.h; path = SGOAuth.h; sourceTree = "<group>"; };
		4AEDBD631121FC41003C1949 /* SGRecord.h */ = {isa = PBXFileReference; fileEncoding = 4; lastKnownFileType = sourcecode.c.h; path = SGRecord.h; sourceTree = "<group>"; };
		4AEDBD641121FC41003C1949 /* SGRecordAnnotation.h */ = {isa = PBXFileReference; fileEncoding = 4; lastKnownFileType = sourcecode.c.h; path = SGRecordAnnotation.h; sourceTree = "<group>"; };
		4AEDBD661121FC41003C1949 /* libSGClient.a */ = {isa = PBXFileReference; lastKnownFileType = archive.ar; path = libSGClient.a; sourceTree = "<group>"; };
		4AEDBD681121FC41003C1949 /* libSGClient.a */ = {isa = PBXFileReference; lastKnownFileType = archive.ar; path = libSGClient.a; sourceTree = "<group>"; };
		4AEDBD691121FC41003C1949 /* README */ = {isa = PBXFileReference; fileEncoding = 4; lastKnownFileType = text; path = README; sourceTree = "<group>"; };
/* End PBXFileReference section */

/* Begin PBXFrameworksBuildPhase section */
		1D60588F0D05DD3D006BFB54 /* Frameworks */ = {
			isa = PBXFrameworksBuildPhase;
			buildActionMask = 2147483647;
			files = (
				1D60589F0D05DD5A006BFB54 /* Foundation.framework in Frameworks */,
				1DF5F4E00D08C38300B7A737 /* UIKit.framework in Frameworks */,
				288765A50DF7441C002DB57D /* CoreGraphics.framework in Frameworks */,
				28D801B40F44B63D00FB423F /* CoreData.framework in Frameworks */,
				4A24254D10DB125E005D1CB1 /* CoreLocation.framework in Frameworks */,
				4A24254F10DB1264005D1CB1 /* Security.framework in Frameworks */,
				4A24255110DB126D005D1CB1 /* OpenGLES.framework in Frameworks */,
				4A24255310DB1275005D1CB1 /* QuartzCore.framework in Frameworks */,
				4A24255510DB127C005D1CB1 /* MapKit.framework in Frameworks */,
			);
			runOnlyForDeploymentPostprocessing = 0;
		};
/* End PBXFrameworksBuildPhase section */

/* Begin PBXGroup section */
		19C28FACFE9D520D11CA2CBB /* Products */ = {
			isa = PBXGroup;
			children = (
				4A24252C10DB122A005D1CB1 /* ARViewStyles.app */,
			);
			name = Products;
			sourceTree = "<group>";
		};
		29B97314FDCFA39411CA2CEA /* CustomTemplate */ = {
			isa = PBXGroup;
			children = (
				4A24270110DB154B005D1CB1 /* README */,
				4A2425CC10DB13BE005D1CB1 /* SGiPhoneSDK */,
				4A24255610DB1290005D1CB1 /* Resources */,
				4A24252F10DB1242005D1CB1 /* Classes */,
				29B97315FDCFA39411CA2CEA /* Other Sources */,
				29B97323FDCFA39411CA2CEA /* Frameworks */,
				19C28FACFE9D520D11CA2CBB /* Products */,
			);
			name = CustomTemplate;
			sourceTree = "<group>";
		};
		29B97315FDCFA39411CA2CEA /* Other Sources */ = {
			isa = PBXGroup;
			children = (
				29B97316FDCFA39411CA2CEA /* main.m */,
			);
			name = "Other Sources";
			sourceTree = "<group>";
		};
		29B97323FDCFA39411CA2CEA /* Frameworks */ = {
			isa = PBXGroup;
			children = (
				1DF5F4DF0D08C38300B7A737 /* UIKit.framework */,
				1D30AB110D05D00D00671497 /* Foundation.framework */,
				288765A40DF7441C002DB57D /* CoreGraphics.framework */,
				28D801B30F44B63D00FB423F /* CoreData.framework */,
				4A24254C10DB125E005D1CB1 /* CoreLocation.framework */,
				4A24254E10DB1264005D1CB1 /* Security.framework */,
				4A24255010DB126D005D1CB1 /* OpenGLES.framework */,
				4A24255210DB1275005D1CB1 /* QuartzCore.framework */,
				4A24255410DB127C005D1CB1 /* MapKit.framework */,
			);
			name = Frameworks;
			sourceTree = "<group>";
		};
		4A24252F10DB1242005D1CB1 /* Classes */ = {
			isa = PBXGroup;
			children = (
				4A24253010DB1242005D1CB1 /* AnnotationViews */,
				4A24253D10DB1243005D1CB1 /* SGARViewStylesAppDelegate.h */,
				4A24253E10DB1243005D1CB1 /* SGARViewStylesAppDelegate.m */,
				4A24253F10DB1243005D1CB1 /* SGSimpleAnnotation.h */,
				4A24254010DB1243005D1CB1 /* SGSimpleAnnotation.m */,
				4A24254110DB1243005D1CB1 /* SGStylesViewController.h */,
				4A24254210DB1243005D1CB1 /* SGStylesViewController.m */,
			);
			path = Classes;
			sourceTree = "<group>";
		};
		4A24253010DB1242005D1CB1 /* AnnotationViews */ = {
			isa = PBXGroup;
			children = (
				4A24253110DB1242005D1CB1 /* SGDistressedDamselAnnotationView.h */,
				4A24253210DB1242005D1CB1 /* SGDistressedDamselAnnotationView.m */,
				4A24253310DB1242005D1CB1 /* SGForestAnnotationView.h */,
				4A24253410DB1242005D1CB1 /* SGForestAnnotationView.m */,
				4A24253510DB1242005D1CB1 /* SGGargoyleAnnotationView.h */,
				4A24253610DB1242005D1CB1 /* SGGargoyleAnnotationView.m */,
				4A24253710DB1242005D1CB1 /* SGKettleAnnotationView.h */,
				4A24253810DB1242005D1CB1 /* SGKettleAnnotationView.m */,
				4A24253910DB1243005D1CB1 /* SGPersonAnnotationView.h */,
				4A24253A10DB1243005D1CB1 /* SGPersonAnnotationView.m */,
			);
			path = AnnotationViews;
			sourceTree = "<group>";
		};
		4A24255610DB1290005D1CB1 /* Resources */ = {
			isa = PBXGroup;
			children = (
				4A7C034C1108A4EE00919154 /* Icon.png */,
				4A7C034D1108A4EE00919154 /* iTunesArtwork.png */,
				4A2425C410DB138B005D1CB1 /* ARViewStyles_Prefix.pch */,
				4A24255710DB1290005D1CB1 /* ARViewStyles-Info.plist */,
				4A24255810DB1290005D1CB1 /* ARViewStylesMainWindow.xib */,
				4A24255910DB1290005D1CB1 /* BakedData.plist */,
				4A24255C10DB1290005D1CB1 /* Images */,
				4A24258710DB1290005D1CB1 /* teapot.h */,
				4A833D6B1118D18100B9FD7B /* Entitlements.plist */,
			);
			path = Resources;
			sourceTree = "<group>";
		};
		4A24255C10DB1290005D1CB1 /* Images */ = {
			isa = PBXGroup;
			children = (
				4A24255D10DB1290005D1CB1 /* Bat.png */,
				4A24255E10DB1290005D1CB1 /* BatMini.png */,
				4A24255F10DB1290005D1CB1 /* Cinderella.jpg */,
				4A24256010DB1290005D1CB1 /* Cinderella.png */,
				4A24256110DB1290005D1CB1 /* DIDCurrentLocationRadarTarget.png */,
				4A24256210DB1290005D1CB1 /* DIDRadarBackground.png */,
				4A24256310DB1290005D1CB1 /* DIDRadarHeading.png */,
				4A24256410DB1290005D1CB1 /* Dog.png */,
				4A24256510DB1290005D1CB1 /* DogMini.png */,
				4A24256610DB1290005D1CB1 /* Duck.png */,
				4A24256710DB1290005D1CB1 /* DuckMini.png */,
				4A24256810DB1290005D1CB1 /* Elephant.png */,
				4A24256910DB1290005D1CB1 /* ElephantMini.png */,
				4A24256A10DB1290005D1CB1 /* Fox.png */,
				4A24256B10DB1290005D1CB1 /* FoxMini.png */,
				4A24256C10DB1290005D1CB1 /* Frog.png */,
				4A24256D10DB1290005D1CB1 /* FrogMini.png */,
				4A24256E10DB1290005D1CB1 /* Gargoyle.png */,
				4A24256F10DB1290005D1CB1 /* GargoyleTarget.png */,
				4A24257010DB1290005D1CB1 /* Jasmine.jpg */,
				4A24257110DB1290005D1CB1 /* Jasmine.png */,
				4A24257210DB1290005D1CB1 /* Kitty.png */,
				4A24257310DB1290005D1CB1 /* KittyMini.png */,
				4A24257410DB1290005D1CB1 /* Lion.png */,
				4A24257510DB1290005D1CB1 /* LionMini.png */,
				4A24257610DB1290005D1CB1 /* MashRadar.png */,
				4A24257710DB1290005D1CB1 /* Meg.gif */,
				4A24257810DB1290005D1CB1 /* Meg.png */,
				4A24257910DB1290005D1CB1 /* Panda.png */,
				4A24257A10DB1290005D1CB1 /* PandaMini.png */,
				4A24257B10DB1290005D1CB1 /* Penguin.png */,
				4A24257C10DB1290005D1CB1 /* PenguinMini.png */,
				4A24257D10DB1290005D1CB1 /* Rat.png */,
				4A24257E10DB1290005D1CB1 /* RatMini.png */,
				4A24257F10DB1290005D1CB1 /* SafeSign.png */,
				4A24258010DB1290005D1CB1 /* SafeSignEmpty.png */,
				4A24258110DB1290005D1CB1 /* SafeSignHighlighted.png */,
				4A24258210DB1290005D1CB1 /* SnowWhite.jpg */,
				4A24258310DB1290005D1CB1 /* SnowWhite.png */,
				4A24258410DB1290005D1CB1 /* Tuqui.png */,
				4A24258510DB1290005D1CB1 /* TuquiMini.png */,
				4A24258610DB1290005D1CB1 /* YellowExclamationMark.png */,
			);
			path = Images;
			sourceTree = "<group>";
		};
		4A2425CC10DB13BE005D1CB1 /* SGiPhoneSDK */ = {
			isa = PBXGroup;
			children = (
				4AEDBC831121FC41003C1949 /* SGARView */,
				4AEDBCFD1121FC41003C1949 /* SGClient */,
			);
			path = SGiPhoneSDK;
			sourceTree = "<group>";
		};
		4AEDBC831121FC41003C1949 /* SGARView */ = {
			isa = PBXGroup;
			children = (
				4AEDBC841121FC41003C1949 /* Documentation */,
				4AEDBCDE1121FC41003C1949 /* Headers */,
				4AEDBCEA1121FC41003C1949 /* Images */,
				4AEDBCF81121FC41003C1949 /* iphoneos */,
				4AEDBCFA1121FC41003C1949 /* iphonesimulator */,
				4AEDBCFC1121FC41003C1949 /* README */,
			);
			path = SGARView;
			sourceTree = "<group>";
		};
		4AEDBC841121FC41003C1949 /* Documentation */ = {
			isa = PBXGroup;
			children = (
				4AEDBC851121FC41003C1949 /* css */,
				4AEDBC871121FC41003C1949 /* Images */,
				4AEDBC8B1121FC41003C1949 /* SGAlbum_h */,
				4AEDBC921121FC41003C1949 /* SGAnnotationView_h */,
				4AEDBC9D1121FC41003C1949 /* SGAnnotationViewContainer_h */,
				4AEDBCA41121FC41003C1949 /* SGARNavigationViewController_h */,
				4AEDBCAF1121FC41003C1949 /* SGARResponder_h */,
				4AEDBCB61121FC41003C1949 /* SGARView.html */,
				4AEDBCB71121FC41003C1949 /* SGARView_h */,
				4AEDBCC21121FC41003C1949 /* SGCoverFlowView_h */,
				4AEDBCCD1121FC41003C1949 /* SGEnvironmentConstants_h */,
				4AEDBCD01121FC41003C1949 /* SGMovableStack_h */,
				4AEDBCD71121FC41003C1949 /* SGRadar_h */,
			);
			path = Documentation;
			sourceTree = "<group>";
		};
		4AEDBC851121FC41003C1949 /* css */ = {
			isa = PBXGroup;
			children = (
				4AEDBC861121FC41003C1949 /* TOCmaster.css */,
			);
			path = css;
			sourceTree = "<group>";
		};
		4AEDBC871121FC41003C1949 /* Images */ = {
			isa = PBXGroup;
			children = (
				4AEDBC881121FC41003C1949 /* bg.png */,
				4AEDBC891121FC41003C1949 /* logo.png */,
				4AEDBC8A1121FC41003C1949 /* shelf.png */,
			);
			path = Images;
			sourceTree = "<group>";
		};
		4AEDBC8B1121FC41003C1949 /* SGAlbum_h */ = {
			isa = PBXGroup;
			children = (
				4AEDBC8C1121FC41003C1949 /* index.html */,
				4AEDBC8D1121FC41003C1949 /* Protocols */,
				4AEDBC911121FC41003C1949 /* toc.html */,
			);
			path = SGAlbum_h;
			sourceTree = "<group>";
		};
		4AEDBC8D1121FC41003C1949 /* Protocols */ = {
			isa = PBXGroup;
			children = (
				4AEDBC8E1121FC41003C1949 /* SGAlbum */,
			);
			path = Protocols;
			sourceTree = "<group>";
		};
		4AEDBC8E1121FC41003C1949 /* SGAlbum */ = {
			isa = PBXGroup;
			children = (
				4AEDBC8F1121FC41003C1949 /* index.html */,
				4AEDBC901121FC41003C1949 /* toc.html */,
			);
			path = SGAlbum;
			sourceTree = "<group>";
		};
		4AEDBC921121FC41003C1949 /* SGAnnotationView_h */ = {
			isa = PBXGroup;
			children = (
				4AEDBC931121FC41003C1949 /* Classes */,
				4AEDBC971121FC41003C1949 /* index.html */,
				4AEDBC981121FC41003C1949 /* Protocols */,
				4AEDBC9C1121FC41003C1949 /* toc.html */,
			);
			path = SGAnnotationView_h;
			sourceTree = "<group>";
		};
		4AEDBC931121FC41003C1949 /* Classes */ = {
			isa = PBXGroup;
			children = (
				4AEDBC941121FC41003C1949 /* SGAnnotationView */,
			);
			path = Classes;
			sourceTree = "<group>";
		};
		4AEDBC941121FC41003C1949 /* SGAnnotationView */ = {
			isa = PBXGroup;
			children = (
				4AEDBC951121FC41003C1949 /* index.html */,
				4AEDBC961121FC41003C1949 /* toc.html */,
			);
			path = SGAnnotationView;
			sourceTree = "<group>";
		};
		4AEDBC981121FC41003C1949 /* Protocols */ = {
			isa = PBXGroup;
			children = (
				4AEDBC991121FC41003C1949 /* SGAnnotationViewDelegate */,
			);
			path = Protocols;
			sourceTree = "<group>";
		};
		4AEDBC991121FC41003C1949 /* SGAnnotationViewDelegate */ = {
			isa = PBXGroup;
			children = (
				4AEDBC9A1121FC41003C1949 /* index.html */,
				4AEDBC9B1121FC41003C1949 /* toc.html */,
			);
			path = SGAnnotationViewDelegate;
			sourceTree = "<group>";
		};
		4AEDBC9D1121FC41003C1949 /* SGAnnotationViewContainer_h */ = {
			isa = PBXGroup;
			children = (
				4AEDBC9E1121FC41003C1949 /* Classes */,
				4AEDBCA21121FC41003C1949 /* index.html */,
				4AEDBCA31121FC41003C1949 /* toc.html */,
			);
			path = SGAnnotationViewContainer_h;
			sourceTree = "<group>";
		};
		4AEDBC9E1121FC41003C1949 /* Classes */ = {
			isa = PBXGroup;
			children = (
				4AEDBC9F1121FC41003C1949 /* SGAnnotationViewContainer */,
			);
			path = Classes;
			sourceTree = "<group>";
		};
		4AEDBC9F1121FC41003C1949 /* SGAnnotationViewContainer */ = {
			isa = PBXGroup;
			children = (
				4AEDBCA01121FC41003C1949 /* index.html */,
				4AEDBCA11121FC41003C1949 /* toc.html */,
			);
			path = SGAnnotationViewContainer;
			sourceTree = "<group>";
		};
		4AEDBCA41121FC41003C1949 /* SGARNavigationViewController_h */ = {
			isa = PBXGroup;
			children = (
				4AEDBCA51121FC41003C1949 /* Classes */,
				4AEDBCA91121FC41003C1949 /* index.html */,
				4AEDBCAA1121FC41003C1949 /* Protocols */,
				4AEDBCAE1121FC41003C1949 /* toc.html */,
			);
			path = SGARNavigationViewController_h;
			sourceTree = "<group>";
		};
		4AEDBCA51121FC41003C1949 /* Classes */ = {
			isa = PBXGroup;
			children = (
				4AEDBCA61121FC41003C1949 /* SGARNavigationViewController */,
			);
			path = Classes;
			sourceTree = "<group>";
		};
		4AEDBCA61121FC41003C1949 /* SGARNavigationViewController */ = {
			isa = PBXGroup;
			children = (
				4AEDBCA71121FC41003C1949 /* index.html */,
				4AEDBCA81121FC41003C1949 /* toc.html */,
			);
			path = SGARNavigationViewController;
			sourceTree = "<group>";
		};
		4AEDBCAA1121FC41003C1949 /* Protocols */ = {
			isa = PBXGroup;
			children = (
				4AEDBCAB1121FC41003C1949 /* SGARNavigationViewControllerDataSource */,
			);
			path = Protocols;
			sourceTree = "<group>";
		};
		4AEDBCAB1121FC41003C1949 /* SGARNavigationViewControllerDataSource */ = {
			isa = PBXGroup;
			children = (
				4AEDBCAC1121FC41003C1949 /* index.html */,
				4AEDBCAD1121FC41003C1949 /* toc.html */,
			);
			path = SGARNavigationViewControllerDataSource;
			sourceTree = "<group>";
		};
		4AEDBCAF1121FC41003C1949 /* SGARResponder_h */ = {
			isa = PBXGroup;
			children = (
				4AEDBCB01121FC41003C1949 /* index.html */,
				4AEDBCB11121FC41003C1949 /* Protocols */,
				4AEDBCB51121FC41003C1949 /* toc.html */,
			);
			path = SGARResponder_h;
			sourceTree = "<group>";
		};
		4AEDBCB11121FC41003C1949 /* Protocols */ = {
			isa = PBXGroup;
			children = (
				4AEDBCB21121FC41003C1949 /* SGARResponder */,
			);
			path = Protocols;
			sourceTree = "<group>";
		};
		4AEDBCB21121FC41003C1949 /* SGARResponder */ = {
			isa = PBXGroup;
			children = (
				4AEDBCB31121FC41003C1949 /* index.html */,
				4AEDBCB41121FC41003C1949 /* toc.html */,
			);
			path = SGARResponder;
			sourceTree = "<group>";
		};
		4AEDBCB71121FC41003C1949 /* SGARView_h */ = {
			isa = PBXGroup;
			children = (
				4AEDBCB81121FC41003C1949 /* Classes */,
				4AEDBCBC1121FC41003C1949 /* index.html */,
				4AEDBCBD1121FC41003C1949 /* Protocols */,
				4AEDBCC11121FC41003C1949 /* toc.html */,
			);
			path = SGARView_h;
			sourceTree = "<group>";
		};
		4AEDBCB81121FC41003C1949 /* Classes */ = {
			isa = PBXGroup;
			children = (
				4AEDBCB91121FC41003C1949 /* SGARView */,
			);
			path = Classes;
			sourceTree = "<group>";
		};
		4AEDBCB91121FC41003C1949 /* SGARView */ = {
			isa = PBXGroup;
			children = (
				4AEDBCBA1121FC41003C1949 /* index.html */,
				4AEDBCBB1121FC41003C1949 /* toc.html */,
			);
			path = SGARView;
			sourceTree = "<group>";
		};
		4AEDBCBD1121FC41003C1949 /* Protocols */ = {
			isa = PBXGroup;
			children = (
				4AEDBCBE1121FC41003C1949 /* SGARViewDataSource */,
			);
			path = Protocols;
			sourceTree = "<group>";
		};
		4AEDBCBE1121FC41003C1949 /* SGARViewDataSource */ = {
			isa = PBXGroup;
			children = (
				4AEDBCBF1121FC41003C1949 /* index.html */,
				4AEDBCC01121FC41003C1949 /* toc.html */,
			);
			path = SGARViewDataSource;
			sourceTree = "<group>";
		};
		4AEDBCC21121FC41003C1949 /* SGCoverFlowView_h */ = {
			isa = PBXGroup;
			children = (
				4AEDBCC31121FC41003C1949 /* Classes */,
				4AEDBCC71121FC41003C1949 /* index.html */,
				4AEDBCC81121FC41003C1949 /* Protocols */,
				4AEDBCCC1121FC41003C1949 /* toc.html */,
			);
			path = SGCoverFlowView_h;
			sourceTree = "<group>";
		};
		4AEDBCC31121FC41003C1949 /* Classes */ = {
			isa = PBXGroup;
			children = (
				4AEDBCC41121FC41003C1949 /* SGCoverFlowView */,
			);
			path = Classes;
			sourceTree = "<group>";
		};
		4AEDBCC41121FC41003C1949 /* SGCoverFlowView */ = {
			isa = PBXGroup;
			children = (
				4AEDBCC51121FC41003C1949 /* index.html */,
				4AEDBCC61121FC41003C1949 /* toc.html */,
			);
			path = SGCoverFlowView;
			sourceTree = "<group>";
		};
		4AEDBCC81121FC41003C1949 /* Protocols */ = {
			isa = PBXGroup;
			children = (
				4AEDBCC91121FC41003C1949 /* SGCoverFlowViewDelegate */,
			);
			path = Protocols;
			sourceTree = "<group>";
		};
		4AEDBCC91121FC41003C1949 /* SGCoverFlowViewDelegate */ = {
			isa = PBXGroup;
			children = (
				4AEDBCCA1121FC41003C1949 /* index.html */,
				4AEDBCCB1121FC41003C1949 /* toc.html */,
			);
			path = SGCoverFlowViewDelegate;
			sourceTree = "<group>";
		};
		4AEDBCCD1121FC41003C1949 /* SGEnvironmentConstants_h */ = {
			isa = PBXGroup;
			children = (
				4AEDBCCE1121FC41003C1949 /* index.html */,
				4AEDBCCF1121FC41003C1949 /* toc.html */,
			);
			path = SGEnvironmentConstants_h;
			sourceTree = "<group>";
		};
		4AEDBCD01121FC41003C1949 /* SGMovableStack_h */ = {
			isa = PBXGroup;
			children = (
				4AEDBCD11121FC41003C1949 /* Classes */,
				4AEDBCD51121FC41003C1949 /* index.html */,
				4AEDBCD61121FC41003C1949 /* toc.html */,
			);
			path = SGMovableStack_h;
			sourceTree = "<group>";
		};
		4AEDBCD11121FC41003C1949 /* Classes */ = {
			isa = PBXGroup;
			children = (
				4AEDBCD21121FC41003C1949 /* SGMovableStack */,
			);
			path = Classes;
			sourceTree = "<group>";
		};
		4AEDBCD21121FC41003C1949 /* SGMovableStack */ = {
			isa = PBXGroup;
			children = (
				4AEDBCD31121FC41003C1949 /* index.html */,
				4AEDBCD41121FC41003C1949 /* toc.html */,
			);
			path = SGMovableStack;
			sourceTree = "<group>";
		};
		4AEDBCD71121FC41003C1949 /* SGRadar_h */ = {
			isa = PBXGroup;
			children = (
				4AEDBCD81121FC41003C1949 /* Classes */,
				4AEDBCDC1121FC41003C1949 /* index.html */,
				4AEDBCDD1121FC41003C1949 /* toc.html */,
			);
			path = SGRadar_h;
			sourceTree = "<group>";
		};
		4AEDBCD81121FC41003C1949 /* Classes */ = {
			isa = PBXGroup;
			children = (
				4AEDBCD91121FC41003C1949 /* SGRadar */,
			);
			path = Classes;
			sourceTree = "<group>";
		};
		4AEDBCD91121FC41003C1949 /* SGRadar */ = {
			isa = PBXGroup;
			children = (
				4AEDBCDA1121FC41003C1949 /* index.html */,
				4AEDBCDB1121FC41003C1949 /* toc.html */,
			);
			path = SGRadar;
			sourceTree = "<group>";
		};
		4AEDBCDE1121FC41003C1949 /* Headers */ = {
			isa = PBXGroup;
			children = (
				4AEDBCDF1121FC41003C1949 /* SGAlbum.h */,
				4AEDBCE01121FC41003C1949 /* SGAnnotationView.h */,
				4AEDBCE11121FC41003C1949 /* SGAnnotationViewContainer.h */,
				4AEDBCE21121FC41003C1949 /* SGARNavigationViewController.h */,
				4AEDBCE31121FC41003C1949 /* SGARResponder.h */,
				4AEDBCE41121FC41003C1949 /* SGARView.h */,
				4AEDBCE51121FC41003C1949 /* SGCoverFlowView.h */,
				4AEDBCE61121FC41003C1949 /* SGEnvironmentConstants.h */,
				4AEDBCE71121FC41003C1949 /* SGMovableStack.h */,
				4AEDBCE81121FC41003C1949 /* SGRadar.h */,
				4AEDBCE91121FC41003C1949 /* SimpleGeo.h */,
			);
			path = Headers;
			sourceTree = "<group>";
		};
		4AEDBCEA1121FC41003C1949 /* Images */ = {
			isa = PBXGroup;
			children = (
				4AEDBCEB1121FC41003C1949 /* SGBluePin.png */,
				4AEDBCEC1121FC41003C1949 /* SGBottomInspectorBackground.png */,
				4AEDBCED1121FC41003C1949 /* SGCloseButton.png */,
				4AEDBCEE1121FC41003C1949 /* SGDefaultContainer.png */,
				4AEDBCEF1121FC41003C1949 /* SGDefaultProfilePicture.png */,
				4AEDBCF01121FC41003C1949 /* SGDefaultRadarBackground.png */,
				4AEDBCF11121FC41003C1949 /* SGDefaultRadarCurrentLocation.png */,
				4AEDBCF21121FC41003C1949 /* SGDefaultRadarTargetImage.png */,
				4AEDBCF31121FC41003C1949 /* SGDefaultSelectedContainer.png */,
				4AEDBCF41121FC41003C1949 /* SGGlassTargetBackground.png */,
				4AEDBCF51121FC41003C1949 /* SGMiddleInspectorBackground.png */,
				4AEDBCF61121FC41003C1949 /* SGRedPin.png */,
				4AEDBCF71121FC41003C1949 /* SGTopInspectorBackground.png */,
			);
			path = Images;
			sourceTree = "<group>";
		};
		4AEDBCF81121FC41003C1949 /* iphoneos */ = {
			isa = PBXGroup;
			children = (
				4AEDBCF91121FC41003C1949 /* libSGARView.a */,
			);
			path = iphoneos;
			sourceTree = "<group>";
		};
		4AEDBCFA1121FC41003C1949 /* iphonesimulator */ = {
			isa = PBXGroup;
			children = (
				4AEDBCFB1121FC41003C1949 /* libSGARView.a */,
			);
			path = iphonesimulator;
			sourceTree = "<group>";
		};
		4AEDBCFD1121FC41003C1949 /* SGClient */ = {
			isa = PBXGroup;
			children = (
				4AEDBCFE1121FC41003C1949 /* Documentation */,
				4AEDBD551121FC41003C1949 /* Headers */,
				4AEDBD651121FC41003C1949 /* iphoneos */,
				4AEDBD671121FC41003C1949 /* iphonesimulator */,
				4AEDBD691121FC41003C1949 /* README */,
			);
			path = SGClient;
			sourceTree = "<group>";
		};
		4AEDBCFE1121FC41003C1949 /* Documentation */ = {
			isa = PBXGroup;
			children = (
				4AEDBCFF1121FC41003C1949 /* css */,
				4AEDBD011121FC41003C1949 /* GeoJSON+NSArray_h */,
				4AEDBD0B1121FC41003C1949 /* GeoJSON+NSDictionary_h */,
				4AEDBD151121FC41003C1949 /* Images */,
				4AEDBD191121FC41003C1949 /* SGAuthorization_h */,
				4AEDBD201121FC41003C1949 /* SGClient.html */,
				4AEDBD211121FC41003C1949 /* SGGeoJSONEncoder_h */,
				4AEDBD281121FC41003C1949 /* SGLayer_h */,
				4AEDBD2F1121FC41003C1949 /* SGLocationService_h */,
				4AEDBD3A1121FC41003C1949 /* SGLocationTypes_h */,
				4AEDBD3D1121FC41003C1949 /* SGOAuth_h */,
				4AEDBD441121FC41003C1949 /* SGRecord_h */,
				4AEDBD4B1121FC41003C1949 /* SGRecordAnnotation_h */,
			);
			path = Documentation;
			sourceTree = "<group>";
		};
		4AEDBCFF1121FC41003C1949 /* css */ = {
			isa = PBXGroup;
			children = (
				4AEDBD001121FC41003C1949 /* TOCmaster.css */,
			);
			path = css;
			sourceTree = "<group>";
		};
		4AEDBD011121FC41003C1949 /* GeoJSON+NSArray_h */ = {
			isa = PBXGroup;
			children = (
				4AEDBD021121FC41003C1949 /* Categories */,
				4AEDBD091121FC41003C1949 /* index.html */,
				4AEDBD0A1121FC41003C1949 /* toc.html */,
			);
			path = "GeoJSON+NSArray_h";
			sourceTree = "<group>";
		};
		4AEDBD021121FC41003C1949 /* Categories */ = {
			isa = PBXGroup;
			children = (
				4AEDBD031121FC41003C1949 /* NSArray_GeoJSONObject_ */,
				4AEDBD061121FC41003C1949 /* NSMutableArray_GeoJSONObject_ */,
			);
			path = Categories;
			sourceTree = "<group>";
		};
		4AEDBD031121FC41003C1949 /* NSArray_GeoJSONObject_ */ = {
			isa = PBXGroup;
			children = (
				4AEDBD041121FC41003C1949 /* index.html */,
				4AEDBD051121FC41003C1949 /* toc.html */,
			);
			path = NSArray_GeoJSONObject_;
			sourceTree = "<group>";
		};
		4AEDBD061121FC41003C1949 /* NSMutableArray_GeoJSONObject_ */ = {
			isa = PBXGroup;
			children = (
				4AEDBD071121FC41003C1949 /* index.html */,
				4AEDBD081121FC41003C1949 /* toc.html */,
			);
			path = NSMutableArray_GeoJSONObject_;
			sourceTree = "<group>";
		};
		4AEDBD0B1121FC41003C1949 /* GeoJSON+NSDictionary_h */ = {
			isa = PBXGroup;
			children = (
				4AEDBD0C1121FC41003C1949 /* Categories */,
				4AEDBD131121FC41003C1949 /* index.html */,
				4AEDBD141121FC41003C1949 /* toc.html */,
			);
			path = "GeoJSON+NSDictionary_h";
			sourceTree = "<group>";
		};
		4AEDBD0C1121FC41003C1949 /* Categories */ = {
			isa = PBXGroup;
			children = (
				4AEDBD0D1121FC41003C1949 /* NSDictionary_SGGeoJSONObject_ */,
				4AEDBD101121FC41003C1949 /* NSMutableDictionary_SGGeoJSONObject_ */,
			);
			path = Categories;
			sourceTree = "<group>";
		};
		4AEDBD0D1121FC41003C1949 /* NSDictionary_SGGeoJSONObject_ */ = {
			isa = PBXGroup;
			children = (
				4AEDBD0E1121FC41003C1949 /* index.html */,
				4AEDBD0F1121FC41003C1949 /* toc.html */,
			);
			path = NSDictionary_SGGeoJSONObject_;
			sourceTree = "<group>";
		};
		4AEDBD101121FC41003C1949 /* NSMutableDictionary_SGGeoJSONObject_ */ = {
			isa = PBXGroup;
			children = (
				4AEDBD111121FC41003C1949 /* index.html */,
				4AEDBD121121FC41003C1949 /* toc.html */,
			);
			path = NSMutableDictionary_SGGeoJSONObject_;
			sourceTree = "<group>";
		};
		4AEDBD151121FC41003C1949 /* Images */ = {
			isa = PBXGroup;
			children = (
				4AEDBD161121FC41003C1949 /* bg.png */,
				4AEDBD171121FC41003C1949 /* logo.png */,
				4AEDBD181121FC41003C1949 /* shelf.png */,
			);
			path = Images;
			sourceTree = "<group>";
		};
		4AEDBD191121FC41003C1949 /* SGAuthorization_h */ = {
			isa = PBXGroup;
			children = (
				4AEDBD1A1121FC41003C1949 /* index.html */,
				4AEDBD1B1121FC41003C1949 /* Protocols */,
				4AEDBD1F1121FC41003C1949 /* toc.html */,
			);
			path = SGAuthorization_h;
			sourceTree = "<group>";
		};
		4AEDBD1B1121FC41003C1949 /* Protocols */ = {
			isa = PBXGroup;
			children = (
				4AEDBD1C1121FC41003C1949 /* SGAuthorization */,
			);
			path = Protocols;
			sourceTree = "<group>";
		};
		4AEDBD1C1121FC41003C1949 /* SGAuthorization */ = {
			isa = PBXGroup;
			children = (
				4AEDBD1D1121FC41003C1949 /* index.html */,
				4AEDBD1E1121FC41003C1949 /* toc.html */,
			);
			path = SGAuthorization;
			sourceTree = "<group>";
		};
		4AEDBD211121FC41003C1949 /* SGGeoJSONEncoder_h */ = {
			isa = PBXGroup;
			children = (
				4AEDBD221121FC41003C1949 /* Classes */,
				4AEDBD261121FC41003C1949 /* index.html */,
				4AEDBD271121FC41003C1949 /* toc.html */,
			);
			path = SGGeoJSONEncoder_h;
			sourceTree = "<group>";
		};
		4AEDBD221121FC41003C1949 /* Classes */ = {
			isa = PBXGroup;
			children = (
				4AEDBD231121FC41003C1949 /* SGGeoJSONEncoder */,
			);
			path = Classes;
			sourceTree = "<group>";
		};
		4AEDBD231121FC41003C1949 /* SGGeoJSONEncoder */ = {
			isa = PBXGroup;
			children = (
				4AEDBD241121FC41003C1949 /* index.html */,
				4AEDBD251121FC41003C1949 /* toc.html */,
			);
			path = SGGeoJSONEncoder;
			sourceTree = "<group>";
		};
		4AEDBD281121FC41003C1949 /* SGLayer_h */ = {
			isa = PBXGroup;
			children = (
				4AEDBD291121FC41003C1949 /* Classes */,
				4AEDBD2D1121FC41003C1949 /* index.html */,
				4AEDBD2E1121FC41003C1949 /* toc.html */,
			);
			path = SGLayer_h;
			sourceTree = "<group>";
		};
		4AEDBD291121FC41003C1949 /* Classes */ = {
			isa = PBXGroup;
			children = (
				4AEDBD2A1121FC41003C1949 /* SGLayer */,
			);
			path = Classes;
			sourceTree = "<group>";
		};
		4AEDBD2A1121FC41003C1949 /* SGLayer */ = {
			isa = PBXGroup;
			children = (
				4AEDBD2B1121FC41003C1949 /* index.html */,
				4AEDBD2C1121FC41003C1949 /* toc.html */,
			);
			path = SGLayer;
			sourceTree = "<group>";
		};
		4AEDBD2F1121FC41003C1949 /* SGLocationService_h */ = {
			isa = PBXGroup;
			children = (
				4AEDBD301121FC41003C1949 /* Classes */,
				4AEDBD341121FC41003C1949 /* index.html */,
				4AEDBD351121FC41003C1949 /* Protocols */,
				4AEDBD391121FC41003C1949 /* toc.html */,
			);
			path = SGLocationService_h;
			sourceTree = "<group>";
		};
		4AEDBD301121FC41003C1949 /* Classes */ = {
			isa = PBXGroup;
			children = (
				4AEDBD311121FC41003C1949 /* SGLocationService */,
			);
			path = Classes;
			sourceTree = "<group>";
		};
		4AEDBD311121FC41003C1949 /* SGLocationService */ = {
			isa = PBXGroup;
			children = (
				4AEDBD321121FC41003C1949 /* index.html */,
				4AEDBD331121FC41003C1949 /* toc.html */,
			);
			path = SGLocationService;
			sourceTree = "<group>";
		};
		4AEDBD351121FC41003C1949 /* Protocols */ = {
			isa = PBXGroup;
			children = (
				4AEDBD361121FC41003C1949 /* SGLocationServiceDelegate */,
			);
			path = Protocols;
			sourceTree = "<group>";
		};
		4AEDBD361121FC41003C1949 /* SGLocationServiceDelegate */ = {
			isa = PBXGroup;
			children = (
				4AEDBD371121FC41003C1949 /* index.html */,
				4AEDBD381121FC41003C1949 /* toc.html */,
			);
			path = SGLocationServiceDelegate;
			sourceTree = "<group>";
		};
		4AEDBD3A1121FC41003C1949 /* SGLocationTypes_h */ = {
			isa = PBXGroup;
			children = (
				4AEDBD3B1121FC41003C1949 /* index.html */,
				4AEDBD3C1121FC41003C1949 /* toc.html */,
			);
			path = SGLocationTypes_h;
			sourceTree = "<group>";
		};
		4AEDBD3D1121FC41003C1949 /* SGOAuth_h */ = {
			isa = PBXGroup;
			children = (
				4AEDBD3E1121FC41003C1949 /* Classes */,
				4AEDBD421121FC41003C1949 /* index.html */,
				4AEDBD431121FC41003C1949 /* toc.html */,
			);
			path = SGOAuth_h;
			sourceTree = "<group>";
		};
		4AEDBD3E1121FC41003C1949 /* Classes */ = {
			isa = PBXGroup;
			children = (
				4AEDBD3F1121FC41003C1949 /* SGOAuth */,
			);
			path = Classes;
			sourceTree = "<group>";
		};
		4AEDBD3F1121FC41003C1949 /* SGOAuth */ = {
			isa = PBXGroup;
			children = (
				4AEDBD401121FC41003C1949 /* index.html */,
				4AEDBD411121FC41003C1949 /* toc.html */,
			);
			path = SGOAuth;
			sourceTree = "<group>";
		};
		4AEDBD441121FC41003C1949 /* SGRecord_h */ = {
			isa = PBXGroup;
			children = (
				4AEDBD451121FC41003C1949 /* Classes */,
				4AEDBD491121FC41003C1949 /* index.html */,
				4AEDBD4A1121FC41003C1949 /* toc.html */,
			);
			path = SGRecord_h;
			sourceTree = "<group>";
		};
		4AEDBD451121FC41003C1949 /* Classes */ = {
			isa = PBXGroup;
			children = (
				4AEDBD461121FC41003C1949 /* SGRecord */,
			);
			path = Classes;
			sourceTree = "<group>";
		};
		4AEDBD461121FC41003C1949 /* SGRecord */ = {
			isa = PBXGroup;
			children = (
				4AEDBD471121FC41003C1949 /* index.html */,
				4AEDBD481121FC41003C1949 /* toc.html */,
			);
			path = SGRecord;
			sourceTree = "<group>";
		};
		4AEDBD4B1121FC41003C1949 /* SGRecordAnnotation_h */ = {
			isa = PBXGroup;
			children = (
				4AEDBD4C1121FC41003C1949 /* index.html */,
				4AEDBD4D1121FC41003C1949 /* Protocols */,
				4AEDBD541121FC41003C1949 /* toc.html */,
			);
			path = SGRecordAnnotation_h;
			sourceTree = "<group>";
		};
		4AEDBD4D1121FC41003C1949 /* Protocols */ = {
			isa = PBXGroup;
			children = (
				4AEDBD4E1121FC41003C1949 /* SGAnnotation */,
				4AEDBD511121FC41003C1949 /* SGRecordAnnotation */,
			);
			path = Protocols;
			sourceTree = "<group>";
		};
		4AEDBD4E1121FC41003C1949 /* SGAnnotation */ = {
			isa = PBXGroup;
			children = (
				4AEDBD4F1121FC41003C1949 /* index.html */,
				4AEDBD501121FC41003C1949 /* toc.html */,
			);
			path = SGAnnotation;
			sourceTree = "<group>";
		};
		4AEDBD511121FC41003C1949 /* SGRecordAnnotation */ = {
			isa = PBXGroup;
			children = (
				4AEDBD521121FC41003C1949 /* index.html */,
				4AEDBD531121FC41003C1949 /* toc.html */,
			);
			path = SGRecordAnnotation;
			sourceTree = "<group>";
		};
		4AEDBD551121FC41003C1949 /* Headers */ = {
			isa = PBXGroup;
			children = (
				4AEDBD561121FC41003C1949 /* CLLocationAdditions.h */,
				4AEDBD571121FC41003C1949 /* GeoJSON+NSArray.h */,
				4AEDBD581121FC41003C1949 /* GeoJSON+NSDictionary.h */,
				4AEDBD591121FC41003C1949 /* NSArrayAdditions.h */,
				4AEDBD5A1121FC41003C1949 /* NSStringAdditions.h */,
				4AEDBD5B1121FC41003C1949 /* SGAdditions.h */,
				4AEDBD5C1121FC41003C1949 /* SGAuthorization.h */,
				4AEDBD5D1121FC41003C1949 /* SGClient.h */,
				4AEDBD5E1121FC41003C1949 /* SGGeoJSONEncoder.h */,
				4AEDBD5F1121FC41003C1949 /* SGLayer.h */,
				4AEDBD601121FC41003C1949 /* SGLocationService.h */,
				4AEDBD611121FC41003C1949 /* SGLocationTypes.h */,
				4AEDBD621121FC41003C1949 /* SGOAuth.h */,
				4AEDBD631121FC41003C1949 /* SGRecord.h */,
				4AEDBD641121FC41003C1949 /* SGRecordAnnotation.h */,
			);
			path = Headers;
			sourceTree = "<group>";
		};
		4AEDBD651121FC41003C1949 /* iphoneos */ = {
			isa = PBXGroup;
			children = (
				4AEDBD661121FC41003C1949 /* libSGClient.a */,
			);
			path = iphoneos;
			sourceTree = "<group>";
		};
		4AEDBD671121FC41003C1949 /* iphonesimulator */ = {
			isa = PBXGroup;
			children = (
				4AEDBD681121FC41003C1949 /* libSGClient.a */,
			);
			path = iphonesimulator;
			sourceTree = "<group>";
		};
/* End PBXGroup section */

/* Begin PBXNativeTarget section */
		1D6058900D05DD3D006BFB54 /* ARViewStyles */ = {
			isa = PBXNativeTarget;
			buildConfigurationList = 1D6058960D05DD3E006BFB54 /* Build configuration list for PBXNativeTarget "ARViewStyles" */;
			buildPhases = (
				1D60588D0D05DD3D006BFB54 /* Resources */,
				1D60588E0D05DD3D006BFB54 /* Sources */,
				1D60588F0D05DD3D006BFB54 /* Frameworks */,
			);
			buildRules = (
			);
			dependencies = (
			);
			name = ARViewStyles;
			productName = ARViewStyles;
			productReference = 4A24252C10DB122A005D1CB1 /* ARViewStyles.app */;
			productType = "com.apple.product-type.application";
		};
/* End PBXNativeTarget section */

/* Begin PBXProject section */
		29B97313FDCFA39411CA2CEA /* Project object */ = {
			isa = PBXProject;
			buildConfigurationList = C01FCF4E08A954540054247B /* Build configuration list for PBXProject "ARViewStyles" */;
			compatibilityVersion = "Xcode 3.1";
			hasScannedForEncodings = 1;
			mainGroup = 29B97314FDCFA39411CA2CEA /* CustomTemplate */;
			projectDirPath = "";
			projectRoot = "";
			targets = (
				1D6058900D05DD3D006BFB54 /* ARViewStyles */,
			);
		};
/* End PBXProject section */

/* Begin PBXResourcesBuildPhase section */
		1D60588D0D05DD3D006BFB54 /* Resources */ = {
			isa = PBXResourcesBuildPhase;
			buildActionMask = 2147483647;
			files = (
				4A24258810DB1290005D1CB1 /* ARViewStyles-Info.plist in Resources */,
				4A24258910DB1290005D1CB1 /* ARViewStylesMainWindow.xib in Resources */,
				4A24258A10DB1290005D1CB1 /* BakedData.plist in Resources */,
				4A24258C10DB1290005D1CB1 /* Bat.png in Resources */,
				4A24258D10DB1290005D1CB1 /* BatMini.png in Resources */,
				4A24258E10DB1290005D1CB1 /* Cinderella.jpg in Resources */,
				4A24258F10DB1290005D1CB1 /* Cinderella.png in Resources */,
				4A24259010DB1290005D1CB1 /* DIDCurrentLocationRadarTarget.png in Resources */,
				4A24259110DB1290005D1CB1 /* DIDRadarBackground.png in Resources */,
				4A24259210DB1290005D1CB1 /* DIDRadarHeading.png in Resources */,
				4A24259310DB1290005D1CB1 /* Dog.png in Resources */,
				4A24259410DB1290005D1CB1 /* DogMini.png in Resources */,
				4A24259510DB1290005D1CB1 /* Duck.png in Resources */,
				4A24259610DB1290005D1CB1 /* DuckMini.png in Resources */,
				4A24259710DB1290005D1CB1 /* Elephant.png in Resources */,
				4A24259810DB1290005D1CB1 /* ElephantMini.png in Resources */,
				4A24259910DB1290005D1CB1 /* Fox.png in Resources */,
				4A24259A10DB1290005D1CB1 /* FoxMini.png in Resources */,
				4A24259B10DB1290005D1CB1 /* Frog.png in Resources */,
				4A24259C10DB1290005D1CB1 /* FrogMini.png in Resources */,
				4A24259D10DB1290005D1CB1 /* Gargoyle.png in Resources */,
				4A24259E10DB1290005D1CB1 /* GargoyleTarget.png in Resources */,
				4A24259F10DB1290005D1CB1 /* Jasmine.jpg in Resources */,
				4A2425A010DB1290005D1CB1 /* Jasmine.png in Resources */,
				4A2425A110DB1290005D1CB1 /* Kitty.png in Resources */,
				4A2425A210DB1290005D1CB1 /* KittyMini.png in Resources */,
				4A2425A310DB1290005D1CB1 /* Lion.png in Resources */,
				4A2425A410DB1290005D1CB1 /* LionMini.png in Resources */,
				4A2425A510DB1290005D1CB1 /* MashRadar.png in Resources */,
				4A2425A610DB1290005D1CB1 /* Meg.gif in Resources */,
				4A2425A710DB1290005D1CB1 /* Meg.png in Resources */,
				4A2425A810DB1290005D1CB1 /* Panda.png in Resources */,
				4A2425A910DB1290005D1CB1 /* PandaMini.png in Resources */,
				4A2425AA10DB1290005D1CB1 /* Penguin.png in Resources */,
				4A2425AB10DB1290005D1CB1 /* PenguinMini.png in Resources */,
				4A2425AC10DB1290005D1CB1 /* Rat.png in Resources */,
				4A2425AD10DB1290005D1CB1 /* RatMini.png in Resources */,
				4A2425AE10DB1290005D1CB1 /* SafeSign.png in Resources */,
				4A2425AF10DB1290005D1CB1 /* SafeSignEmpty.png in Resources */,
				4A2425B010DB1290005D1CB1 /* SafeSignHighlighted.png in Resources */,
				4A2425B110DB1290005D1CB1 /* SnowWhite.jpg in Resources */,
				4A2425B210DB1290005D1CB1 /* SnowWhite.png in Resources */,
				4A2425B310DB1290005D1CB1 /* Tuqui.png in Resources */,
				4A2425B410DB1290005D1CB1 /* TuquiMini.png in Resources */,
				4A2425B510DB1290005D1CB1 /* YellowExclamationMark.png in Resources */,
				4A7C034E1108A4EE00919154 /* Icon.png in Resources */,
				4A7C034F1108A4EE00919154 /* iTunesArtwork.png in Resources */,
				4A833D6C1118D18100B9FD7B /* Entitlements.plist in Resources */,
				4AEDBD6A1121FC46003C1949 /* SGBluePin.png in Resources */,
				4AEDBD6B1121FC46003C1949 /* SGBottomInspectorBackground.png in Resources */,
				4AEDBD6C1121FC47003C1949 /* SGCloseButton.png in Resources */,
				4AEDBD6D1121FC47003C1949 /* SGDefaultContainer.png in Resources */,
				4AEDBD6E1121FC47003C1949 /* SGDefaultProfilePicture.png in Resources */,
				4AEDBD6F1121FC48003C1949 /* SGDefaultRadarBackground.png in Resources */,
				4AEDBD701121FC48003C1949 /* SGDefaultRadarCurrentLocation.png in Resources */,
				4AEDBD711121FC49003C1949 /* SGDefaultSelectedContainer.png in Resources */,
				4AEDBD721121FC49003C1949 /* SGDefaultRadarTargetImage.png in Resources */,
				4AEDBD741121FC4B003C1949 /* SGGlassTargetBackground.png in Resources */,
				4AEDBD751121FC4C003C1949 /* SGTopInspectorBackground.png in Resources */,
				4AEDBD761121FC4C003C1949 /* SGRedPin.png in Resources */,
				4AEDBD771121FC4D003C1949 /* SGMiddleInspectorBackground.png in Resources */,
			);
			runOnlyForDeploymentPostprocessing = 0;
		};
/* End PBXResourcesBuildPhase section */

/* Begin PBXSourcesBuildPhase section */
		1D60588E0D05DD3D006BFB54 /* Sources */ = {
			isa = PBXSourcesBuildPhase;
			buildActionMask = 2147483647;
			files = (
				1D60589B0D05DD56006BFB54 /* main.m in Sources */,
				4A24254310DB1243005D1CB1 /* SGDistressedDamselAnnotationView.m in Sources */,
				4A24254410DB1243005D1CB1 /* SGForestAnnotationView.m in Sources */,
				4A24254510DB1243005D1CB1 /* SGGargoyleAnnotationView.m in Sources */,
				4A24254610DB1243005D1CB1 /* SGKettleAnnotationView.m in Sources */,
				4A24254710DB1243005D1CB1 /* SGPersonAnnotationView.m in Sources */,
				4A24254910DB1243005D1CB1 /* SGARViewStylesAppDelegate.m in Sources */,
				4A24254A10DB1243005D1CB1 /* SGSimpleAnnotation.m in Sources */,
				4A24254B10DB1243005D1CB1 /* SGStylesViewController.m in Sources */,
			);
			runOnlyForDeploymentPostprocessing = 0;
		};
/* End PBXSourcesBuildPhase section */

/* Begin XCBuildConfiguration section */
		1D6058940D05DD3E006BFB54 /* Debug */ = {
			isa = XCBuildConfiguration;
			buildSettings = {
				ALWAYS_SEARCH_USER_PATHS = NO;
				CODE_SIGN_ENTITLEMENTS = Resources/Entitlements.plist;
				"CODE_SIGN_IDENTITY[sdk=iphoneos*]" = "iPhone Distribution: Stumpkat, LLC";
				COPY_PHASE_STRIP = NO;
				FRAMEWORK_SEARCH_PATHS = "";
				GCC_DYNAMIC_NO_PIC = NO;
				GCC_OPTIMIZATION_LEVEL = 0;
				GCC_PRECOMPILE_PREFIX_HEADER = YES;
				GCC_PREFIX_HEADER = Resources/ARViewStyles_Prefix.pch;
				HEADER_SEARCH_PATHS = (
					"$(SRCROOT)/SGiPhoneSDK/SGARView/Headers",
					"$(SRCROOT)/SGiPhoneSDK/SGClient/Headers",
				);
				INFOPLIST_FILE = "Resources/ARViewStyles-Info.plist";
				LIBRARY_SEARCH_PATHS = (
					"$(SRCROOT)/SGiPhoneSDK/SGClient/$(PLATFORM_NAME)",
					"$(SRCROOT)/SGiPhoneSDK/SGARView/$(PLATFORM_NAME)",
				);
				OTHER_LDFLAGS = (
					"-ObjC",
					"-all_load",
					"-l",
					SGClient,
					"-l",
					SGARView,
				);
				PRODUCT_NAME = ARViewStyles;
				"PROVISIONING_PROFILE[sdk=iphoneos*]" = "29910E5A-952F-4B82-800E-8F34E7140609";
			};
			name = Debug;
		};
		1D6058950D05DD3E006BFB54 /* Release */ = {
			isa = XCBuildConfiguration;
			buildSettings = {
				ALWAYS_SEARCH_USER_PATHS = NO;
				COPY_PHASE_STRIP = YES;
				FRAMEWORK_SEARCH_PATHS = "";
				GCC_PRECOMPILE_PREFIX_HEADER = YES;
				GCC_PREFIX_HEADER = Resources/ARViewStyles_Prefix.pch;
				HEADER_SEARCH_PATHS = (
					"$(SRCROOT)/SGiPhoneSDK/SGARView/Headers",
					"$(SRCROOT)/SGiPhoneSDK/SGClient/Headers",
				);
				INFOPLIST_FILE = "Resources/ARViewStyles-Info.plist";
				LIBRARY_SEARCH_PATHS = (
					"$(SRCROOT)/SGiPhoneSDK/SGClient/$(PLATFORM_NAME)",
					"$(SRCROOT)/SGiPhoneSDK/SGARView/$(PLATFORM_NAME)",
				);
				OTHER_LDFLAGS = (
					"-ObjC",
					"-all_load",
					"-l",
					SGClient,
					"-l",
					SGARView,
				);
				PRODUCT_NAME = ARViewStyles;
				SDKROOT = iphoneos3.1;
			};
			name = Release;
		};
		C01FCF4F08A954540054247B /* Debug */ = {
			isa = XCBuildConfiguration;
			buildSettings = {
				ARCHS = "$(ARCHS_STANDARD_32_BIT)";
				"CODE_SIGN_IDENTITY[sdk=iphoneos*]" = "iPhone Developer";
				GCC_C_LANGUAGE_STANDARD = c99;
				GCC_WARN_ABOUT_RETURN_TYPE = YES;
				GCC_WARN_UNUSED_VARIABLE = YES;
				PREBINDING = NO;
				SDKROOT = iphoneos3.1.2;
			};
			name = Debug;
		};
		C01FCF5008A954540054247B /* Release */ = {
			isa = XCBuildConfiguration;
			buildSettings = {
				ARCHS = "$(ARCHS_STANDARD_32_BIT)";
				"CODE_SIGN_IDENTITY[sdk=iphoneos*]" = "iPhone Developer";
				GCC_C_LANGUAGE_STANDARD = c99;
				GCC_WARN_ABOUT_RETURN_TYPE = YES;
				GCC_WARN_UNUSED_VARIABLE = YES;
				PREBINDING = NO;
				SDKROOT = iphoneos3.1.2;
			};
			name = Release;
		};
/* End XCBuildConfiguration section */

/* Begin XCConfigurationList section */
		1D6058960D05DD3E006BFB54 /* Build configuration list for PBXNativeTarget "ARViewStyles" */ = {
			isa = XCConfigurationList;
			buildConfigurations = (
				1D6058940D05DD3E006BFB54 /* Debug */,
				1D6058950D05DD3E006BFB54 /* Release */,
			);
			defaultConfigurationIsVisible = 0;
			defaultConfigurationName = Release;
		};
		C01FCF4E08A954540054247B /* Build configuration list for PBXProject "ARViewStyles" */ = {
			isa = XCConfigurationList;
			buildConfigurations = (
				C01FCF4F08A954540054247B /* Debug */,
				C01FCF5008A954540054247B /* Release */,
			);
			defaultConfigurationIsVisible = 0;
			defaultConfigurationName = Release;
		};
/* End XCConfigurationList section */
	};
	rootObject = 29B97313FDCFA39411CA2CEA /* Project object */;
}
